
Microsoft Visual Studio Solution File, Format Version 12.00
# Visual Studio 15
VisualStudioVersion = 15.0.27004.2006
MinimumVisualStudioVersion = 10.0.40219.1
Project("{FAE04EC0-301F-11D3-BF4B-00C04F79EFBC}") = "AsystYou", "ColonyConcierge.Mobile.Customer\ColonyConcierge.Mobile.Customer\AsystYou.csproj", "{B1638874-49CC-452C-BBA4-2163D5CC0BBB}"
EndProject
Project("{FAE04EC0-301F-11D3-BF4B-00C04F79EFBC}") = "AsystYou.Droid", "ColonyConcierge.Mobile.Customer\ColonyConcierge.Mobile.Customer.Droid\AsystYou.Droid.csproj", "{AD08C90A-8361-4456-918B-A67E98753CC9}"
EndProject
Project("{FAE04EC0-301F-11D3-BF4B-00C04F79EFBC}") = "AsystYou.iOS", "ColonyConcierge.Mobile.Customer\ColonyConcierge.Mobile.Customer.iOS\AsystYou.iOS.csproj", "{9903C285-9DE6-486C-85B9-EE16BA405370}"
EndProject
Project("{FAE04EC0-301F-11D3-BF4B-00C04F79EFBC}") = "ColonyConcierge.APIData", "APIClient\APIData\ColonyConcierge.APIData\ColonyConcierge.APIData.csproj", "{B5324CBA-5C2F-42AE-B464-CEB8861959C6}"
EndProject
Project("{FAE04EC0-301F-11D3-BF4B-00C04F79EFBC}") = "ColonyConcierge.Client", "APIClient\ColonyConcierge.Client\ColonyConcierge.Client.csproj", "{53112BF6-0ACE-4A15-846C-13830FA2CD88}"
EndProject
Project("{D954291E-2A0B-460D-934E-DC6B0785DB48}") = "ColonyConcierge.Client.Shared", "APIClient\ColonyConcierge.Client.Shared\ColonyConcierge.Client.Shared.shproj", "{D1480490-9542-4F95-841F-2B316D65131D}"
EndProject
Project("{FAE04EC0-301F-11D3-BF4B-00C04F79EFBC}") = "ColonyConcierge.Client.Droid", "APIClient\ColonyConcierge.Client.Droid\ColonyConcierge.Client.Droid.csproj", "{50B6435B-9FBC-4F59-B10E-693EB2067075}"
EndProject
Project("{FAE04EC0-301F-11D3-BF4B-00C04F79EFBC}") = "ColonyConcierge.Client.iOS", "APIClient\ColonyConcierge.Client.iOS\ColonyConcierge.Client.iOS.csproj", "{09F2CB61-1C9C-42A0-A741-17B0434D188A}"
EndProject
Project("{2150E333-8FDC-42A3-9474-1A3956D46DE8}") = "Binding", "Binding", "{46900068-2B07-441C-BC0F-0DA7AC14AEE6}"
EndProject
Project("{2150E333-8FDC-42A3-9474-1A3956D46DE8}") = "Android", "Android", "{690EF25A-B89A-4999-9314-2E16AC4CF6D9}"
EndProject
Project("{FAE04EC0-301F-11D3-BF4B-00C04F79EFBC}") = "Braintree.Api", "Braintree\Android\Braintree.Api\Braintree.Api.csproj", "{A0395902-57DF-4D25-AF61-57B29DCB6B84}"
EndProject
Project("{FAE04EC0-301F-11D3-BF4B-00C04F79EFBC}") = "Braintree.CardForm", "Braintree\Android\Braintree.CardForm\Braintree.CardForm.csproj", "{1BFA410B-1A87-4E83-B0B9-1A2B5F192663}"
EndProject
Project("{FAE04EC0-301F-11D3-BF4B-00C04F79EFBC}") = "Braintree.DropIn", "Braintree\Android\Braintree.DropIn\Braintree.DropIn.csproj", "{BD918597-1B79-4EBF-B4A2-3F2BE1F93BE2}"
EndProject
Project("{2150E333-8FDC-42A3-9474-1A3956D46DE8}") = "iOS", "iOS", "{A319673A-224B-4EEE-8EA7-C8CE1CE01139}"
EndProject
Project("{FAE04EC0-301F-11D3-BF4B-00C04F79EFBC}") = "BrainTree", "Braintree\iOS\BrainTree.csproj", "{3F6AE00C-6E00-4A9C-A3F5-43842AD84E21}"
EndProject
Global
	GlobalSection(SharedMSBuildProjectFiles) = preSolution
		APIClient\ColonyConcierge.Client.Shared\ColonyConcierge.Client.Shared.projitems*{09f2cb61-1c9c-42a0-a741-17b0434d188a}*SharedItemsImports = 4
		APIClient\ColonyConcierge.Client.Shared\ColonyConcierge.Client.Shared.projitems*{50b6435b-9fbc-4f59-b10e-693eb2067075}*SharedItemsImports = 4
		APIClient\ColonyConcierge.Client.Shared\ColonyConcierge.Client.Shared.projitems*{9903c285-9de6-486c-85b9-ee16ba405370}*SharedItemsImports = 4
		APIClient\ColonyConcierge.Client.Shared\ColonyConcierge.Client.Shared.projitems*{ad08c90a-8361-4456-918b-a67e98753cc9}*SharedItemsImports = 4
		APIClient\ColonyConcierge.Client.Shared\ColonyConcierge.Client.Shared.projitems*{d1480490-9542-4f95-841f-2b316d65131d}*SharedItemsImports = 13
	EndGlobalSection
	GlobalSection(SolutionConfigurationPlatforms) = preSolution
		Ad-Hoc|Any CPU = Ad-Hoc|Any CPU
		Ad-Hoc|ARM = Ad-Hoc|ARM
		Ad-Hoc|iPhone = Ad-Hoc|iPhone
		Ad-Hoc|iPhoneSimulator = Ad-Hoc|iPhoneSimulator
		Ad-Hoc|x64 = Ad-Hoc|x64
		Ad-Hoc|x86 = Ad-Hoc|x86
		AppStore|Any CPU = AppStore|Any CPU
		AppStore|ARM = AppStore|ARM
		AppStore|iPhone = AppStore|iPhone
		AppStore|iPhoneSimulator = AppStore|iPhoneSimulator
		AppStore|x64 = AppStore|x64
		AppStore|x86 = AppStore|x86
		Debug|Any CPU = Debug|Any CPU
		Debug|ARM = Debug|ARM
		Debug|iPhone = Debug|iPhone
		Debug|iPhoneSimulator = Debug|iPhoneSimulator
		Debug|x64 = Debug|x64
		Debug|x86 = Debug|x86
		Development|Any CPU = Development|Any CPU
		Development|ARM = Development|ARM
		Development|iPhone = Development|iPhone
		Development|iPhoneSimulator = Development|iPhoneSimulator
		Development|x64 = Development|x64
		Development|x86 = Development|x86
		Release|Any CPU = Release|Any CPU
		Release|ARM = Release|ARM
		Release|iPhone = Release|iPhone
		Release|iPhoneSimulator = Release|iPhoneSimulator
		Release|x64 = Release|x64
		Release|x86 = Release|x86
		Staging|Any CPU = Staging|Any CPU
		Staging|ARM = Staging|ARM
		Staging|iPhone = Staging|iPhone
		Staging|iPhoneSimulator = Staging|iPhoneSimulator
		Staging|x64 = Staging|x64
		Staging|x86 = Staging|x86
	EndGlobalSection
	GlobalSection(ProjectConfigurationPlatforms) = postSolution
		{B1638874-49CC-452C-BBA4-2163D5CC0BBB}.Ad-Hoc|Any CPU.ActiveCfg = Release|Any CPU
		{B1638874-49CC-452C-BBA4-2163D5CC0BBB}.Ad-Hoc|Any CPU.Build.0 = Release|Any CPU
		{B1638874-49CC-452C-BBA4-2163D5CC0BBB}.Ad-Hoc|ARM.ActiveCfg = Release|Any CPU
		{B1638874-49CC-452C-BBA4-2163D5CC0BBB}.Ad-Hoc|ARM.Build.0 = Release|Any CPU
		{B1638874-49CC-452C-BBA4-2163D5CC0BBB}.Ad-Hoc|iPhone.ActiveCfg = Release|Any CPU
		{B1638874-49CC-452C-BBA4-2163D5CC0BBB}.Ad-Hoc|iPhone.Build.0 = Release|Any CPU
		{B1638874-49CC-452C-BBA4-2163D5CC0BBB}.Ad-Hoc|iPhoneSimulator.ActiveCfg = Release|Any CPU
		{B1638874-49CC-452C-BBA4-2163D5CC0BBB}.Ad-Hoc|iPhoneSimulator.Build.0 = Release|Any CPU
		{B1638874-49CC-452C-BBA4-2163D5CC0BBB}.Ad-Hoc|x64.ActiveCfg = Release|Any CPU
		{B1638874-49CC-452C-BBA4-2163D5CC0BBB}.Ad-Hoc|x64.Build.0 = Release|Any CPU
		{B1638874-49CC-452C-BBA4-2163D5CC0BBB}.Ad-Hoc|x86.ActiveCfg = Release|Any CPU
		{B1638874-49CC-452C-BBA4-2163D5CC0BBB}.Ad-Hoc|x86.Build.0 = Release|Any CPU
		{B1638874-49CC-452C-BBA4-2163D5CC0BBB}.AppStore|Any CPU.ActiveCfg = Release|Any CPU
		{B1638874-49CC-452C-BBA4-2163D5CC0BBB}.AppStore|Any CPU.Build.0 = Release|Any CPU
		{B1638874-49CC-452C-BBA4-2163D5CC0BBB}.AppStore|ARM.ActiveCfg = Release|Any CPU
		{B1638874-49CC-452C-BBA4-2163D5CC0BBB}.AppStore|ARM.Build.0 = Release|Any CPU
		{B1638874-49CC-452C-BBA4-2163D5CC0BBB}.AppStore|iPhone.ActiveCfg = Release|Any CPU
		{B1638874-49CC-452C-BBA4-2163D5CC0BBB}.AppStore|iPhone.Build.0 = Release|Any CPU
		{B1638874-49CC-452C-BBA4-2163D5CC0BBB}.AppStore|iPhoneSimulator.ActiveCfg = Release|Any CPU
		{B1638874-49CC-452C-BBA4-2163D5CC0BBB}.AppStore|iPhoneSimulator.Build.0 = Release|Any CPU
		{B1638874-49CC-452C-BBA4-2163D5CC0BBB}.AppStore|x64.ActiveCfg = Release|Any CPU
		{B1638874-49CC-452C-BBA4-2163D5CC0BBB}.AppStore|x64.Build.0 = Release|Any CPU
		{B1638874-49CC-452C-BBA4-2163D5CC0BBB}.AppStore|x86.ActiveCfg = Release|Any CPU
		{B1638874-49CC-452C-BBA4-2163D5CC0BBB}.AppStore|x86.Build.0 = Release|Any CPU
		{B1638874-49CC-452C-BBA4-2163D5CC0BBB}.Debug|Any CPU.ActiveCfg = Debug|Any CPU
		{B1638874-49CC-452C-BBA4-2163D5CC0BBB}.Debug|Any CPU.Build.0 = Debug|Any CPU
		{B1638874-49CC-452C-BBA4-2163D5CC0BBB}.Debug|ARM.ActiveCfg = Debug|Any CPU
		{B1638874-49CC-452C-BBA4-2163D5CC0BBB}.Debug|ARM.Build.0 = Debug|Any CPU
		{B1638874-49CC-452C-BBA4-2163D5CC0BBB}.Debug|iPhone.ActiveCfg = Debug|Any CPU
		{B1638874-49CC-452C-BBA4-2163D5CC0BBB}.Debug|iPhone.Build.0 = Debug|Any CPU
		{B1638874-49CC-452C-BBA4-2163D5CC0BBB}.Debug|iPhoneSimulator.ActiveCfg = Debug|Any CPU
		{B1638874-49CC-452C-BBA4-2163D5CC0BBB}.Debug|iPhoneSimulator.Build.0 = Debug|Any CPU
		{B1638874-49CC-452C-BBA4-2163D5CC0BBB}.Debug|x64.ActiveCfg = Debug|Any CPU
		{B1638874-49CC-452C-BBA4-2163D5CC0BBB}.Debug|x64.Build.0 = Debug|Any CPU
		{B1638874-49CC-452C-BBA4-2163D5CC0BBB}.Debug|x86.ActiveCfg = Debug|Any CPU
		{B1638874-49CC-452C-BBA4-2163D5CC0BBB}.Debug|x86.Build.0 = Debug|Any CPU
		{B1638874-49CC-452C-BBA4-2163D5CC0BBB}.Development|Any CPU.ActiveCfg = Debug|Any CPU
		{B1638874-49CC-452C-BBA4-2163D5CC0BBB}.Development|Any CPU.Build.0 = Debug|Any CPU
		{B1638874-49CC-452C-BBA4-2163D5CC0BBB}.Development|ARM.ActiveCfg = Debug|Any CPU
		{B1638874-49CC-452C-BBA4-2163D5CC0BBB}.Development|ARM.Build.0 = Debug|Any CPU
		{B1638874-49CC-452C-BBA4-2163D5CC0BBB}.Development|iPhone.ActiveCfg = Debug|Any CPU
		{B1638874-49CC-452C-BBA4-2163D5CC0BBB}.Development|iPhone.Build.0 = Debug|Any CPU
		{B1638874-49CC-452C-BBA4-2163D5CC0BBB}.Development|iPhoneSimulator.ActiveCfg = Debug|Any CPU
		{B1638874-49CC-452C-BBA4-2163D5CC0BBB}.Development|iPhoneSimulator.Build.0 = Debug|Any CPU
		{B1638874-49CC-452C-BBA4-2163D5CC0BBB}.Development|x64.ActiveCfg = Debug|Any CPU
		{B1638874-49CC-452C-BBA4-2163D5CC0BBB}.Development|x64.Build.0 = Debug|Any CPU
		{B1638874-49CC-452C-BBA4-2163D5CC0BBB}.Development|x86.ActiveCfg = Debug|Any CPU
		{B1638874-49CC-452C-BBA4-2163D5CC0BBB}.Development|x86.Build.0 = Debug|Any CPU
		{B1638874-49CC-452C-BBA4-2163D5CC0BBB}.Release|Any CPU.ActiveCfg = Release|Any CPU
		{B1638874-49CC-452C-BBA4-2163D5CC0BBB}.Release|Any CPU.Build.0 = Release|Any CPU
		{B1638874-49CC-452C-BBA4-2163D5CC0BBB}.Release|ARM.ActiveCfg = Release|Any CPU
		{B1638874-49CC-452C-BBA4-2163D5CC0BBB}.Release|ARM.Build.0 = Release|Any CPU
		{B1638874-49CC-452C-BBA4-2163D5CC0BBB}.Release|iPhone.ActiveCfg = Release|Any CPU
		{B1638874-49CC-452C-BBA4-2163D5CC0BBB}.Release|iPhone.Build.0 = Release|Any CPU
		{B1638874-49CC-452C-BBA4-2163D5CC0BBB}.Release|iPhoneSimulator.ActiveCfg = Release|Any CPU
		{B1638874-49CC-452C-BBA4-2163D5CC0BBB}.Release|iPhoneSimulator.Build.0 = Release|Any CPU
		{B1638874-49CC-452C-BBA4-2163D5CC0BBB}.Release|x64.ActiveCfg = Release|Any CPU
		{B1638874-49CC-452C-BBA4-2163D5CC0BBB}.Release|x64.Build.0 = Release|Any CPU
		{B1638874-49CC-452C-BBA4-2163D5CC0BBB}.Release|x86.ActiveCfg = Release|Any CPU
		{B1638874-49CC-452C-BBA4-2163D5CC0BBB}.Release|x86.Build.0 = Release|Any CPU
		{B1638874-49CC-452C-BBA4-2163D5CC0BBB}.Staging|Any CPU.ActiveCfg = Debug|Any CPU
		{B1638874-49CC-452C-BBA4-2163D5CC0BBB}.Staging|Any CPU.Build.0 = Debug|Any CPU
		{B1638874-49CC-452C-BBA4-2163D5CC0BBB}.Staging|ARM.ActiveCfg = Debug|Any CPU
		{B1638874-49CC-452C-BBA4-2163D5CC0BBB}.Staging|ARM.Build.0 = Debug|Any CPU
		{B1638874-49CC-452C-BBA4-2163D5CC0BBB}.Staging|iPhone.ActiveCfg = Debug|Any CPU
		{B1638874-49CC-452C-BBA4-2163D5CC0BBB}.Staging|iPhone.Build.0 = Debug|Any CPU
		{B1638874-49CC-452C-BBA4-2163D5CC0BBB}.Staging|iPhoneSimulator.ActiveCfg = Debug|Any CPU
		{B1638874-49CC-452C-BBA4-2163D5CC0BBB}.Staging|iPhoneSimulator.Build.0 = Debug|Any CPU
		{B1638874-49CC-452C-BBA4-2163D5CC0BBB}.Staging|x64.ActiveCfg = Debug|Any CPU
		{B1638874-49CC-452C-BBA4-2163D5CC0BBB}.Staging|x64.Build.0 = Debug|Any CPU
		{B1638874-49CC-452C-BBA4-2163D5CC0BBB}.Staging|x86.ActiveCfg = Debug|Any CPU
		{B1638874-49CC-452C-BBA4-2163D5CC0BBB}.Staging|x86.Build.0 = Debug|Any CPU
		{AD08C90A-8361-4456-918B-A67E98753CC9}.Ad-Hoc|Any CPU.ActiveCfg = Release|Any CPU
		{AD08C90A-8361-4456-918B-A67E98753CC9}.Ad-Hoc|Any CPU.Build.0 = Release|Any CPU
		{AD08C90A-8361-4456-918B-A67E98753CC9}.Ad-Hoc|Any CPU.Deploy.0 = Release|Any CPU
		{AD08C90A-8361-4456-918B-A67E98753CC9}.Ad-Hoc|ARM.ActiveCfg = Release|Any CPU
		{AD08C90A-8361-4456-918B-A67E98753CC9}.Ad-Hoc|ARM.Build.0 = Release|Any CPU
		{AD08C90A-8361-4456-918B-A67E98753CC9}.Ad-Hoc|ARM.Deploy.0 = Release|Any CPU
		{AD08C90A-8361-4456-918B-A67E98753CC9}.Ad-Hoc|iPhone.ActiveCfg = Release|Any CPU
		{AD08C90A-8361-4456-918B-A67E98753CC9}.Ad-Hoc|iPhone.Build.0 = Release|Any CPU
		{AD08C90A-8361-4456-918B-A67E98753CC9}.Ad-Hoc|iPhone.Deploy.0 = Release|Any CPU
		{AD08C90A-8361-4456-918B-A67E98753CC9}.Ad-Hoc|iPhoneSimulator.ActiveCfg = Release|Any CPU
		{AD08C90A-8361-4456-918B-A67E98753CC9}.Ad-Hoc|iPhoneSimulator.Build.0 = Release|Any CPU
		{AD08C90A-8361-4456-918B-A67E98753CC9}.Ad-Hoc|iPhoneSimulator.Deploy.0 = Release|Any CPU
		{AD08C90A-8361-4456-918B-A67E98753CC9}.Ad-Hoc|x64.ActiveCfg = Release|Any CPU
		{AD08C90A-8361-4456-918B-A67E98753CC9}.Ad-Hoc|x64.Build.0 = Release|Any CPU
		{AD08C90A-8361-4456-918B-A67E98753CC9}.Ad-Hoc|x64.Deploy.0 = Release|Any CPU
		{AD08C90A-8361-4456-918B-A67E98753CC9}.Ad-Hoc|x86.ActiveCfg = Release|Any CPU
		{AD08C90A-8361-4456-918B-A67E98753CC9}.Ad-Hoc|x86.Build.0 = Release|Any CPU
		{AD08C90A-8361-4456-918B-A67E98753CC9}.Ad-Hoc|x86.Deploy.0 = Release|Any CPU
		{AD08C90A-8361-4456-918B-A67E98753CC9}.AppStore|Any CPU.ActiveCfg = Release|Any CPU
		{AD08C90A-8361-4456-918B-A67E98753CC9}.AppStore|Any CPU.Build.0 = Release|Any CPU
		{AD08C90A-8361-4456-918B-A67E98753CC9}.AppStore|Any CPU.Deploy.0 = Release|Any CPU
		{AD08C90A-8361-4456-918B-A67E98753CC9}.AppStore|ARM.ActiveCfg = Release|Any CPU
		{AD08C90A-8361-4456-918B-A67E98753CC9}.AppStore|ARM.Build.0 = Release|Any CPU
		{AD08C90A-8361-4456-918B-A67E98753CC9}.AppStore|ARM.Deploy.0 = Release|Any CPU
		{AD08C90A-8361-4456-918B-A67E98753CC9}.AppStore|iPhone.ActiveCfg = Release|Any CPU
		{AD08C90A-8361-4456-918B-A67E98753CC9}.AppStore|iPhone.Build.0 = Release|Any CPU
		{AD08C90A-8361-4456-918B-A67E98753CC9}.AppStore|iPhone.Deploy.0 = Release|Any CPU
		{AD08C90A-8361-4456-918B-A67E98753CC9}.AppStore|iPhoneSimulator.ActiveCfg = Release|Any CPU
		{AD08C90A-8361-4456-918B-A67E98753CC9}.AppStore|iPhoneSimulator.Build.0 = Release|Any CPU
		{AD08C90A-8361-4456-918B-A67E98753CC9}.AppStore|iPhoneSimulator.Deploy.0 = Release|Any CPU
		{AD08C90A-8361-4456-918B-A67E98753CC9}.AppStore|x64.ActiveCfg = Release|Any CPU
		{AD08C90A-8361-4456-918B-A67E98753CC9}.AppStore|x64.Build.0 = Release|Any CPU
		{AD08C90A-8361-4456-918B-A67E98753CC9}.AppStore|x64.Deploy.0 = Release|Any CPU
		{AD08C90A-8361-4456-918B-A67E98753CC9}.AppStore|x86.ActiveCfg = Release|Any CPU
		{AD08C90A-8361-4456-918B-A67E98753CC9}.AppStore|x86.Build.0 = Release|Any CPU
		{AD08C90A-8361-4456-918B-A67E98753CC9}.AppStore|x86.Deploy.0 = Release|Any CPU
		{AD08C90A-8361-4456-918B-A67E98753CC9}.Debug|Any CPU.ActiveCfg = Debug|Any CPU
		{AD08C90A-8361-4456-918B-A67E98753CC9}.Debug|Any CPU.Build.0 = Debug|Any CPU
		{AD08C90A-8361-4456-918B-A67E98753CC9}.Debug|Any CPU.Deploy.0 = Debug|Any CPU
		{AD08C90A-8361-4456-918B-A67E98753CC9}.Debug|ARM.ActiveCfg = Debug|Any CPU
		{AD08C90A-8361-4456-918B-A67E98753CC9}.Debug|ARM.Build.0 = Debug|Any CPU
		{AD08C90A-8361-4456-918B-A67E98753CC9}.Debug|ARM.Deploy.0 = Debug|Any CPU
		{AD08C90A-8361-4456-918B-A67E98753CC9}.Debug|iPhone.ActiveCfg = Debug|Any CPU
		{AD08C90A-8361-4456-918B-A67E98753CC9}.Debug|iPhone.Build.0 = Debug|Any CPU
		{AD08C90A-8361-4456-918B-A67E98753CC9}.Debug|iPhone.Deploy.0 = Debug|Any CPU
		{AD08C90A-8361-4456-918B-A67E98753CC9}.Debug|iPhoneSimulator.ActiveCfg = Debug|Any CPU
		{AD08C90A-8361-4456-918B-A67E98753CC9}.Debug|iPhoneSimulator.Build.0 = Debug|Any CPU
		{AD08C90A-8361-4456-918B-A67E98753CC9}.Debug|iPhoneSimulator.Deploy.0 = Debug|Any CPU
		{AD08C90A-8361-4456-918B-A67E98753CC9}.Debug|x64.ActiveCfg = Debug|Any CPU
		{AD08C90A-8361-4456-918B-A67E98753CC9}.Debug|x64.Build.0 = Debug|Any CPU
		{AD08C90A-8361-4456-918B-A67E98753CC9}.Debug|x64.Deploy.0 = Debug|Any CPU
		{AD08C90A-8361-4456-918B-A67E98753CC9}.Debug|x86.ActiveCfg = Debug|Any CPU
		{AD08C90A-8361-4456-918B-A67E98753CC9}.Debug|x86.Build.0 = Debug|Any CPU
		{AD08C90A-8361-4456-918B-A67E98753CC9}.Debug|x86.Deploy.0 = Debug|Any CPU
		{AD08C90A-8361-4456-918B-A67E98753CC9}.Development|Any CPU.ActiveCfg = Debug|Any CPU
		{AD08C90A-8361-4456-918B-A67E98753CC9}.Development|Any CPU.Build.0 = Debug|Any CPU
		{AD08C90A-8361-4456-918B-A67E98753CC9}.Development|Any CPU.Deploy.0 = Debug|Any CPU
		{AD08C90A-8361-4456-918B-A67E98753CC9}.Development|ARM.ActiveCfg = Debug|Any CPU
		{AD08C90A-8361-4456-918B-A67E98753CC9}.Development|ARM.Build.0 = Debug|Any CPU
		{AD08C90A-8361-4456-918B-A67E98753CC9}.Development|ARM.Deploy.0 = Debug|Any CPU
		{AD08C90A-8361-4456-918B-A67E98753CC9}.Development|iPhone.ActiveCfg = Debug|Any CPU
		{AD08C90A-8361-4456-918B-A67E98753CC9}.Development|iPhone.Build.0 = Debug|Any CPU
		{AD08C90A-8361-4456-918B-A67E98753CC9}.Development|iPhone.Deploy.0 = Debug|Any CPU
		{AD08C90A-8361-4456-918B-A67E98753CC9}.Development|iPhoneSimulator.ActiveCfg = Debug|Any CPU
		{AD08C90A-8361-4456-918B-A67E98753CC9}.Development|iPhoneSimulator.Build.0 = Debug|Any CPU
		{AD08C90A-8361-4456-918B-A67E98753CC9}.Development|iPhoneSimulator.Deploy.0 = Debug|Any CPU
		{AD08C90A-8361-4456-918B-A67E98753CC9}.Development|x64.ActiveCfg = Debug|Any CPU
		{AD08C90A-8361-4456-918B-A67E98753CC9}.Development|x64.Build.0 = Debug|Any CPU
		{AD08C90A-8361-4456-918B-A67E98753CC9}.Development|x64.Deploy.0 = Debug|Any CPU
		{AD08C90A-8361-4456-918B-A67E98753CC9}.Development|x86.ActiveCfg = Debug|Any CPU
		{AD08C90A-8361-4456-918B-A67E98753CC9}.Development|x86.Build.0 = Debug|Any CPU
		{AD08C90A-8361-4456-918B-A67E98753CC9}.Development|x86.Deploy.0 = Debug|Any CPU
		{AD08C90A-8361-4456-918B-A67E98753CC9}.Release|Any CPU.ActiveCfg = Release|Any CPU
		{AD08C90A-8361-4456-918B-A67E98753CC9}.Release|Any CPU.Build.0 = Release|Any CPU
		{AD08C90A-8361-4456-918B-A67E98753CC9}.Release|Any CPU.Deploy.0 = Release|Any CPU
		{AD08C90A-8361-4456-918B-A67E98753CC9}.Release|ARM.ActiveCfg = Release|Any CPU
		{AD08C90A-8361-4456-918B-A67E98753CC9}.Release|ARM.Build.0 = Release|Any CPU
		{AD08C90A-8361-4456-918B-A67E98753CC9}.Release|ARM.Deploy.0 = Release|Any CPU
		{AD08C90A-8361-4456-918B-A67E98753CC9}.Release|iPhone.ActiveCfg = Release|Any CPU
		{AD08C90A-8361-4456-918B-A67E98753CC9}.Release|iPhone.Build.0 = Release|Any CPU
		{AD08C90A-8361-4456-918B-A67E98753CC9}.Release|iPhone.Deploy.0 = Release|Any CPU
		{AD08C90A-8361-4456-918B-A67E98753CC9}.Release|iPhoneSimulator.ActiveCfg = Release|Any CPU
		{AD08C90A-8361-4456-918B-A67E98753CC9}.Release|iPhoneSimulator.Build.0 = Release|Any CPU
		{AD08C90A-8361-4456-918B-A67E98753CC9}.Release|iPhoneSimulator.Deploy.0 = Release|Any CPU
		{AD08C90A-8361-4456-918B-A67E98753CC9}.Release|x64.ActiveCfg = Release|Any CPU
		{AD08C90A-8361-4456-918B-A67E98753CC9}.Release|x64.Build.0 = Release|Any CPU
		{AD08C90A-8361-4456-918B-A67E98753CC9}.Release|x64.Deploy.0 = Release|Any CPU
		{AD08C90A-8361-4456-918B-A67E98753CC9}.Release|x86.ActiveCfg = Release|Any CPU
		{AD08C90A-8361-4456-918B-A67E98753CC9}.Release|x86.Build.0 = Release|Any CPU
		{AD08C90A-8361-4456-918B-A67E98753CC9}.Release|x86.Deploy.0 = Release|Any CPU
		{AD08C90A-8361-4456-918B-A67E98753CC9}.Staging|Any CPU.ActiveCfg = Debug|Any CPU
		{AD08C90A-8361-4456-918B-A67E98753CC9}.Staging|Any CPU.Build.0 = Debug|Any CPU
		{AD08C90A-8361-4456-918B-A67E98753CC9}.Staging|Any CPU.Deploy.0 = Debug|Any CPU
		{AD08C90A-8361-4456-918B-A67E98753CC9}.Staging|ARM.ActiveCfg = Debug|Any CPU
		{AD08C90A-8361-4456-918B-A67E98753CC9}.Staging|ARM.Build.0 = Debug|Any CPU
		{AD08C90A-8361-4456-918B-A67E98753CC9}.Staging|ARM.Deploy.0 = Debug|Any CPU
		{AD08C90A-8361-4456-918B-A67E98753CC9}.Staging|iPhone.ActiveCfg = Debug|Any CPU
		{AD08C90A-8361-4456-918B-A67E98753CC9}.Staging|iPhone.Build.0 = Debug|Any CPU
		{AD08C90A-8361-4456-918B-A67E98753CC9}.Staging|iPhone.Deploy.0 = Debug|Any CPU
		{AD08C90A-8361-4456-918B-A67E98753CC9}.Staging|iPhoneSimulator.ActiveCfg = Debug|Any CPU
		{AD08C90A-8361-4456-918B-A67E98753CC9}.Staging|iPhoneSimulator.Build.0 = Debug|Any CPU
		{AD08C90A-8361-4456-918B-A67E98753CC9}.Staging|iPhoneSimulator.Deploy.0 = Debug|Any CPU
		{AD08C90A-8361-4456-918B-A67E98753CC9}.Staging|x64.ActiveCfg = Debug|Any CPU
		{AD08C90A-8361-4456-918B-A67E98753CC9}.Staging|x64.Build.0 = Debug|Any CPU
		{AD08C90A-8361-4456-918B-A67E98753CC9}.Staging|x64.Deploy.0 = Debug|Any CPU
		{AD08C90A-8361-4456-918B-A67E98753CC9}.Staging|x86.ActiveCfg = Debug|Any CPU
		{AD08C90A-8361-4456-918B-A67E98753CC9}.Staging|x86.Build.0 = Debug|Any CPU
		{AD08C90A-8361-4456-918B-A67E98753CC9}.Staging|x86.Deploy.0 = Debug|Any CPU
		{9903C285-9DE6-486C-85B9-EE16BA405370}.Ad-Hoc|Any CPU.ActiveCfg = Ad-Hoc|iPhone
		{9903C285-9DE6-486C-85B9-EE16BA405370}.Ad-Hoc|Any CPU.Build.0 = Ad-Hoc|iPhone
		{9903C285-9DE6-486C-85B9-EE16BA405370}.Ad-Hoc|ARM.ActiveCfg = Ad-Hoc|iPhone
		{9903C285-9DE6-486C-85B9-EE16BA405370}.Ad-Hoc|iPhone.ActiveCfg = Ad-Hoc|iPhone
		{9903C285-9DE6-486C-85B9-EE16BA405370}.Ad-Hoc|iPhone.Build.0 = Ad-Hoc|iPhone
		{9903C285-9DE6-486C-85B9-EE16BA405370}.Ad-Hoc|iPhoneSimulator.ActiveCfg = Ad-Hoc|iPhoneSimulator
		{9903C285-9DE6-486C-85B9-EE16BA405370}.Ad-Hoc|iPhoneSimulator.Build.0 = Ad-Hoc|iPhoneSimulator
		{9903C285-9DE6-486C-85B9-EE16BA405370}.Ad-Hoc|x64.ActiveCfg = Ad-Hoc|iPhone
		{9903C285-9DE6-486C-85B9-EE16BA405370}.Ad-Hoc|x86.ActiveCfg = Ad-Hoc|iPhone
		{9903C285-9DE6-486C-85B9-EE16BA405370}.AppStore|Any CPU.ActiveCfg = AppStore|iPhone
		{9903C285-9DE6-486C-85B9-EE16BA405370}.AppStore|ARM.ActiveCfg = AppStore|iPhone
		{9903C285-9DE6-486C-85B9-EE16BA405370}.AppStore|iPhone.ActiveCfg = AppStore|iPhone
		{9903C285-9DE6-486C-85B9-EE16BA405370}.AppStore|iPhone.Build.0 = AppStore|iPhone
		{9903C285-9DE6-486C-85B9-EE16BA405370}.AppStore|iPhoneSimulator.ActiveCfg = AppStore|iPhoneSimulator
		{9903C285-9DE6-486C-85B9-EE16BA405370}.AppStore|iPhoneSimulator.Build.0 = AppStore|iPhoneSimulator
		{9903C285-9DE6-486C-85B9-EE16BA405370}.AppStore|x64.ActiveCfg = AppStore|iPhone
		{9903C285-9DE6-486C-85B9-EE16BA405370}.AppStore|x86.ActiveCfg = AppStore|iPhone
		{9903C285-9DE6-486C-85B9-EE16BA405370}.Debug|Any CPU.ActiveCfg = Debug|iPhone
		{9903C285-9DE6-486C-85B9-EE16BA405370}.Debug|ARM.ActiveCfg = Debug|iPhone
		{9903C285-9DE6-486C-85B9-EE16BA405370}.Debug|iPhone.ActiveCfg = Debug|iPhone
		{9903C285-9DE6-486C-85B9-EE16BA405370}.Debug|iPhone.Build.0 = Debug|iPhone
		{9903C285-9DE6-486C-85B9-EE16BA405370}.Debug|iPhoneSimulator.ActiveCfg = Debug|iPhoneSimulator
		{9903C285-9DE6-486C-85B9-EE16BA405370}.Debug|iPhoneSimulator.Build.0 = Debug|iPhoneSimulator
		{9903C285-9DE6-486C-85B9-EE16BA405370}.Debug|x64.ActiveCfg = Debug|iPhone
		{9903C285-9DE6-486C-85B9-EE16BA405370}.Debug|x86.ActiveCfg = Debug|iPhone
		{9903C285-9DE6-486C-85B9-EE16BA405370}.Development|Any CPU.ActiveCfg = Release|iPhoneSimulator
		{9903C285-9DE6-486C-85B9-EE16BA405370}.Development|Any CPU.Build.0 = Release|iPhoneSimulator
		{9903C285-9DE6-486C-85B9-EE16BA405370}.Development|ARM.ActiveCfg = Release|iPhoneSimulator
		{9903C285-9DE6-486C-85B9-EE16BA405370}.Development|ARM.Build.0 = Release|iPhoneSimulator
		{9903C285-9DE6-486C-85B9-EE16BA405370}.Development|iPhone.ActiveCfg = Debug|iPhone
		{9903C285-9DE6-486C-85B9-EE16BA405370}.Development|iPhone.Build.0 = Debug|iPhone
		{9903C285-9DE6-486C-85B9-EE16BA405370}.Development|iPhoneSimulator.ActiveCfg = Debug|iPhoneSimulator
		{9903C285-9DE6-486C-85B9-EE16BA405370}.Development|iPhoneSimulator.Build.0 = Debug|iPhoneSimulator
		{9903C285-9DE6-486C-85B9-EE16BA405370}.Development|x64.ActiveCfg = Release|iPhoneSimulator
		{9903C285-9DE6-486C-85B9-EE16BA405370}.Development|x64.Build.0 = Release|iPhoneSimulator
		{9903C285-9DE6-486C-85B9-EE16BA405370}.Development|x86.ActiveCfg = Release|iPhoneSimulator
		{9903C285-9DE6-486C-85B9-EE16BA405370}.Development|x86.Build.0 = Release|iPhoneSimulator
		{9903C285-9DE6-486C-85B9-EE16BA405370}.Release|Any CPU.ActiveCfg = Release|iPhone
		{9903C285-9DE6-486C-85B9-EE16BA405370}.Release|ARM.ActiveCfg = Release|iPhone
		{9903C285-9DE6-486C-85B9-EE16BA405370}.Release|iPhone.ActiveCfg = Release|iPhone
		{9903C285-9DE6-486C-85B9-EE16BA405370}.Release|iPhone.Build.0 = Release|iPhone
		{9903C285-9DE6-486C-85B9-EE16BA405370}.Release|iPhoneSimulator.ActiveCfg = Release|iPhoneSimulator
		{9903C285-9DE6-486C-85B9-EE16BA405370}.Release|iPhoneSimulator.Build.0 = Release|iPhoneSimulator
		{9903C285-9DE6-486C-85B9-EE16BA405370}.Release|x64.ActiveCfg = Release|iPhone
		{9903C285-9DE6-486C-85B9-EE16BA405370}.Release|x86.ActiveCfg = Release|iPhone
		{9903C285-9DE6-486C-85B9-EE16BA405370}.Staging|Any CPU.ActiveCfg = Release|iPhoneSimulator
		{9903C285-9DE6-486C-85B9-EE16BA405370}.Staging|Any CPU.Build.0 = Release|iPhoneSimulator
		{9903C285-9DE6-486C-85B9-EE16BA405370}.Staging|ARM.ActiveCfg = Release|iPhoneSimulator
		{9903C285-9DE6-486C-85B9-EE16BA405370}.Staging|ARM.Build.0 = Release|iPhoneSimulator
		{9903C285-9DE6-486C-85B9-EE16BA405370}.Staging|iPhone.ActiveCfg = Release|iPhone
		{9903C285-9DE6-486C-85B9-EE16BA405370}.Staging|iPhone.Build.0 = Release|iPhone
		{9903C285-9DE6-486C-85B9-EE16BA405370}.Staging|iPhoneSimulator.ActiveCfg = Release|iPhoneSimulator
		{9903C285-9DE6-486C-85B9-EE16BA405370}.Staging|iPhoneSimulator.Build.0 = Release|iPhoneSimulator
		{9903C285-9DE6-486C-85B9-EE16BA405370}.Staging|x64.ActiveCfg = Release|iPhoneSimulator
		{9903C285-9DE6-486C-85B9-EE16BA405370}.Staging|x64.Build.0 = Release|iPhoneSimulator
		{9903C285-9DE6-486C-85B9-EE16BA405370}.Staging|x86.ActiveCfg = Release|iPhoneSimulator
		{9903C285-9DE6-486C-85B9-EE16BA405370}.Staging|x86.Build.0 = Release|iPhoneSimulator
		{B5324CBA-5C2F-42AE-B464-CEB8861959C6}.Ad-Hoc|Any CPU.ActiveCfg = Release|Any CPU
		{B5324CBA-5C2F-42AE-B464-CEB8861959C6}.Ad-Hoc|Any CPU.Build.0 = Release|Any CPU
		{B5324CBA-5C2F-42AE-B464-CEB8861959C6}.Ad-Hoc|ARM.ActiveCfg = Release|Any CPU
		{B5324CBA-5C2F-42AE-B464-CEB8861959C6}.Ad-Hoc|ARM.Build.0 = Release|Any CPU
		{B5324CBA-5C2F-42AE-B464-CEB8861959C6}.Ad-Hoc|iPhone.ActiveCfg = Release|Any CPU
		{B5324CBA-5C2F-42AE-B464-CEB8861959C6}.Ad-Hoc|iPhone.Build.0 = Release|Any CPU
		{B5324CBA-5C2F-42AE-B464-CEB8861959C6}.Ad-Hoc|iPhoneSimulator.ActiveCfg = Release|Any CPU
		{B5324CBA-5C2F-42AE-B464-CEB8861959C6}.Ad-Hoc|iPhoneSimulator.Build.0 = Release|Any CPU
		{B5324CBA-5C2F-42AE-B464-CEB8861959C6}.Ad-Hoc|x64.ActiveCfg = Release|Any CPU
		{B5324CBA-5C2F-42AE-B464-CEB8861959C6}.Ad-Hoc|x64.Build.0 = Release|Any CPU
		{B5324CBA-5C2F-42AE-B464-CEB8861959C6}.Ad-Hoc|x86.ActiveCfg = Release|Any CPU
		{B5324CBA-5C2F-42AE-B464-CEB8861959C6}.Ad-Hoc|x86.Build.0 = Release|Any CPU
		{B5324CBA-5C2F-42AE-B464-CEB8861959C6}.AppStore|Any CPU.ActiveCfg = Release|Any CPU
		{B5324CBA-5C2F-42AE-B464-CEB8861959C6}.AppStore|Any CPU.Build.0 = Release|Any CPU
		{B5324CBA-5C2F-42AE-B464-CEB8861959C6}.AppStore|ARM.ActiveCfg = Release|Any CPU
		{B5324CBA-5C2F-42AE-B464-CEB8861959C6}.AppStore|ARM.Build.0 = Release|Any CPU
		{B5324CBA-5C2F-42AE-B464-CEB8861959C6}.AppStore|iPhone.ActiveCfg = Release|Any CPU
		{B5324CBA-5C2F-42AE-B464-CEB8861959C6}.AppStore|iPhone.Build.0 = Release|Any CPU
		{B5324CBA-5C2F-42AE-B464-CEB8861959C6}.AppStore|iPhoneSimulator.ActiveCfg = Release|Any CPU
		{B5324CBA-5C2F-42AE-B464-CEB8861959C6}.AppStore|iPhoneSimulator.Build.0 = Release|Any CPU
		{B5324CBA-5C2F-42AE-B464-CEB8861959C6}.AppStore|x64.ActiveCfg = Release|Any CPU
		{B5324CBA-5C2F-42AE-B464-CEB8861959C6}.AppStore|x64.Build.0 = Release|Any CPU
		{B5324CBA-5C2F-42AE-B464-CEB8861959C6}.AppStore|x86.ActiveCfg = Release|Any CPU
		{B5324CBA-5C2F-42AE-B464-CEB8861959C6}.AppStore|x86.Build.0 = Release|Any CPU
		{B5324CBA-5C2F-42AE-B464-CEB8861959C6}.Debug|Any CPU.ActiveCfg = Debug|Any CPU
		{B5324CBA-5C2F-42AE-B464-CEB8861959C6}.Debug|Any CPU.Build.0 = Debug|Any CPU
		{B5324CBA-5C2F-42AE-B464-CEB8861959C6}.Debug|ARM.ActiveCfg = Debug|Any CPU
		{B5324CBA-5C2F-42AE-B464-CEB8861959C6}.Debug|ARM.Build.0 = Debug|Any CPU
		{B5324CBA-5C2F-42AE-B464-CEB8861959C6}.Debug|iPhone.ActiveCfg = Debug|Any CPU
		{B5324CBA-5C2F-42AE-B464-CEB8861959C6}.Debug|iPhone.Build.0 = Debug|Any CPU
		{B5324CBA-5C2F-42AE-B464-CEB8861959C6}.Debug|iPhoneSimulator.ActiveCfg = Debug|Any CPU
		{B5324CBA-5C2F-42AE-B464-CEB8861959C6}.Debug|iPhoneSimulator.Build.0 = Debug|Any CPU
		{B5324CBA-5C2F-42AE-B464-CEB8861959C6}.Debug|x64.ActiveCfg = Debug|Any CPU
		{B5324CBA-5C2F-42AE-B464-CEB8861959C6}.Debug|x64.Build.0 = Debug|Any CPU
		{B5324CBA-5C2F-42AE-B464-CEB8861959C6}.Debug|x86.ActiveCfg = Debug|Any CPU
		{B5324CBA-5C2F-42AE-B464-CEB8861959C6}.Debug|x86.Build.0 = Debug|Any CPU
		{B5324CBA-5C2F-42AE-B464-CEB8861959C6}.Development|Any CPU.ActiveCfg = Development|Any CPU
		{B5324CBA-5C2F-42AE-B464-CEB8861959C6}.Development|Any CPU.Build.0 = Development|Any CPU
		{B5324CBA-5C2F-42AE-B464-CEB8861959C6}.Development|ARM.ActiveCfg = Development|Any CPU
		{B5324CBA-5C2F-42AE-B464-CEB8861959C6}.Development|ARM.Build.0 = Development|Any CPU
		{B5324CBA-5C2F-42AE-B464-CEB8861959C6}.Development|iPhone.ActiveCfg = Development|Any CPU
		{B5324CBA-5C2F-42AE-B464-CEB8861959C6}.Development|iPhone.Build.0 = Development|Any CPU
		{B5324CBA-5C2F-42AE-B464-CEB8861959C6}.Development|iPhoneSimulator.ActiveCfg = Development|Any CPU
		{B5324CBA-5C2F-42AE-B464-CEB8861959C6}.Development|iPhoneSimulator.Build.0 = Development|Any CPU
		{B5324CBA-5C2F-42AE-B464-CEB8861959C6}.Development|x64.ActiveCfg = Development|Any CPU
		{B5324CBA-5C2F-42AE-B464-CEB8861959C6}.Development|x64.Build.0 = Development|Any CPU
		{B5324CBA-5C2F-42AE-B464-CEB8861959C6}.Development|x86.ActiveCfg = Development|Any CPU
		{B5324CBA-5C2F-42AE-B464-CEB8861959C6}.Development|x86.Build.0 = Development|Any CPU
		{B5324CBA-5C2F-42AE-B464-CEB8861959C6}.Release|Any CPU.ActiveCfg = Release|Any CPU
		{B5324CBA-5C2F-42AE-B464-CEB8861959C6}.Release|Any CPU.Build.0 = Release|Any CPU
		{B5324CBA-5C2F-42AE-B464-CEB8861959C6}.Release|ARM.ActiveCfg = Release|Any CPU
		{B5324CBA-5C2F-42AE-B464-CEB8861959C6}.Release|ARM.Build.0 = Release|Any CPU
		{B5324CBA-5C2F-42AE-B464-CEB8861959C6}.Release|iPhone.ActiveCfg = Release|Any CPU
		{B5324CBA-5C2F-42AE-B464-CEB8861959C6}.Release|iPhone.Build.0 = Release|Any CPU
		{B5324CBA-5C2F-42AE-B464-CEB8861959C6}.Release|iPhoneSimulator.ActiveCfg = Release|Any CPU
		{B5324CBA-5C2F-42AE-B464-CEB8861959C6}.Release|iPhoneSimulator.Build.0 = Release|Any CPU
		{B5324CBA-5C2F-42AE-B464-CEB8861959C6}.Release|x64.ActiveCfg = Release|Any CPU
		{B5324CBA-5C2F-42AE-B464-CEB8861959C6}.Release|x64.Build.0 = Release|Any CPU
		{B5324CBA-5C2F-42AE-B464-CEB8861959C6}.Release|x86.ActiveCfg = Release|Any CPU
		{B5324CBA-5C2F-42AE-B464-CEB8861959C6}.Release|x86.Build.0 = Release|Any CPU
		{B5324CBA-5C2F-42AE-B464-CEB8861959C6}.Staging|Any CPU.ActiveCfg = Staging|Any CPU
		{B5324CBA-5C2F-42AE-B464-CEB8861959C6}.Staging|Any CPU.Build.0 = Staging|Any CPU
		{B5324CBA-5C2F-42AE-B464-CEB8861959C6}.Staging|ARM.ActiveCfg = Staging|Any CPU
		{B5324CBA-5C2F-42AE-B464-CEB8861959C6}.Staging|ARM.Build.0 = Staging|Any CPU
		{B5324CBA-5C2F-42AE-B464-CEB8861959C6}.Staging|iPhone.ActiveCfg = Staging|Any CPU
		{B5324CBA-5C2F-42AE-B464-CEB8861959C6}.Staging|iPhone.Build.0 = Staging|Any CPU
		{B5324CBA-5C2F-42AE-B464-CEB8861959C6}.Staging|iPhoneSimulator.ActiveCfg = Staging|Any CPU
		{B5324CBA-5C2F-42AE-B464-CEB8861959C6}.Staging|iPhoneSimulator.Build.0 = Staging|Any CPU
		{B5324CBA-5C2F-42AE-B464-CEB8861959C6}.Staging|x64.ActiveCfg = Staging|Any CPU
		{B5324CBA-5C2F-42AE-B464-CEB8861959C6}.Staging|x64.Build.0 = Staging|Any CPU
		{B5324CBA-5C2F-42AE-B464-CEB8861959C6}.Staging|x86.ActiveCfg = Staging|Any CPU
		{B5324CBA-5C2F-42AE-B464-CEB8861959C6}.Staging|x86.Build.0 = Staging|Any CPU
		{53112BF6-0ACE-4A15-846C-13830FA2CD88}.Ad-Hoc|Any CPU.ActiveCfg = Release|Any CPU
		{53112BF6-0ACE-4A15-846C-13830FA2CD88}.Ad-Hoc|Any CPU.Build.0 = Release|Any CPU
		{53112BF6-0ACE-4A15-846C-13830FA2CD88}.Ad-Hoc|ARM.ActiveCfg = Release|Any CPU
		{53112BF6-0ACE-4A15-846C-13830FA2CD88}.Ad-Hoc|ARM.Build.0 = Release|Any CPU
		{53112BF6-0ACE-4A15-846C-13830FA2CD88}.Ad-Hoc|iPhone.ActiveCfg = Release|Any CPU
		{53112BF6-0ACE-4A15-846C-13830FA2CD88}.Ad-Hoc|iPhone.Build.0 = Release|Any CPU
		{53112BF6-0ACE-4A15-846C-13830FA2CD88}.Ad-Hoc|iPhoneSimulator.ActiveCfg = Release|Any CPU
		{53112BF6-0ACE-4A15-846C-13830FA2CD88}.Ad-Hoc|iPhoneSimulator.Build.0 = Release|Any CPU
		{53112BF6-0ACE-4A15-846C-13830FA2CD88}.Ad-Hoc|x64.ActiveCfg = Release|Any CPU
		{53112BF6-0ACE-4A15-846C-13830FA2CD88}.Ad-Hoc|x64.Build.0 = Release|Any CPU
		{53112BF6-0ACE-4A15-846C-13830FA2CD88}.Ad-Hoc|x86.ActiveCfg = Release|Any CPU
		{53112BF6-0ACE-4A15-846C-13830FA2CD88}.Ad-Hoc|x86.Build.0 = Release|Any CPU
		{53112BF6-0ACE-4A15-846C-13830FA2CD88}.AppStore|Any CPU.ActiveCfg = Release|Any CPU
		{53112BF6-0ACE-4A15-846C-13830FA2CD88}.AppStore|Any CPU.Build.0 = Release|Any CPU
		{53112BF6-0ACE-4A15-846C-13830FA2CD88}.AppStore|ARM.ActiveCfg = Release|Any CPU
		{53112BF6-0ACE-4A15-846C-13830FA2CD88}.AppStore|ARM.Build.0 = Release|Any CPU
		{53112BF6-0ACE-4A15-846C-13830FA2CD88}.AppStore|iPhone.ActiveCfg = Release|Any CPU
		{53112BF6-0ACE-4A15-846C-13830FA2CD88}.AppStore|iPhone.Build.0 = Release|Any CPU
		{53112BF6-0ACE-4A15-846C-13830FA2CD88}.AppStore|iPhoneSimulator.ActiveCfg = Release|Any CPU
		{53112BF6-0ACE-4A15-846C-13830FA2CD88}.AppStore|iPhoneSimulator.Build.0 = Release|Any CPU
		{53112BF6-0ACE-4A15-846C-13830FA2CD88}.AppStore|x64.ActiveCfg = Release|Any CPU
		{53112BF6-0ACE-4A15-846C-13830FA2CD88}.AppStore|x64.Build.0 = Release|Any CPU
		{53112BF6-0ACE-4A15-846C-13830FA2CD88}.AppStore|x86.ActiveCfg = Release|Any CPU
		{53112BF6-0ACE-4A15-846C-13830FA2CD88}.AppStore|x86.Build.0 = Release|Any CPU
		{53112BF6-0ACE-4A15-846C-13830FA2CD88}.Debug|Any CPU.ActiveCfg = Debug|Any CPU
		{53112BF6-0ACE-4A15-846C-13830FA2CD88}.Debug|Any CPU.Build.0 = Debug|Any CPU
		{53112BF6-0ACE-4A15-846C-13830FA2CD88}.Debug|ARM.ActiveCfg = Debug|Any CPU
		{53112BF6-0ACE-4A15-846C-13830FA2CD88}.Debug|ARM.Build.0 = Debug|Any CPU
		{53112BF6-0ACE-4A15-846C-13830FA2CD88}.Debug|iPhone.ActiveCfg = Debug|Any CPU
		{53112BF6-0ACE-4A15-846C-13830FA2CD88}.Debug|iPhone.Build.0 = Debug|Any CPU
		{53112BF6-0ACE-4A15-846C-13830FA2CD88}.Debug|iPhoneSimulator.ActiveCfg = Debug|Any CPU
		{53112BF6-0ACE-4A15-846C-13830FA2CD88}.Debug|iPhoneSimulator.Build.0 = Debug|Any CPU
		{53112BF6-0ACE-4A15-846C-13830FA2CD88}.Debug|x64.ActiveCfg = Debug|Any CPU
		{53112BF6-0ACE-4A15-846C-13830FA2CD88}.Debug|x64.Build.0 = Debug|Any CPU
		{53112BF6-0ACE-4A15-846C-13830FA2CD88}.Debug|x86.ActiveCfg = Debug|Any CPU
		{53112BF6-0ACE-4A15-846C-13830FA2CD88}.Debug|x86.Build.0 = Debug|Any CPU
		{53112BF6-0ACE-4A15-846C-13830FA2CD88}.Development|Any CPU.ActiveCfg = Development|Any CPU
		{53112BF6-0ACE-4A15-846C-13830FA2CD88}.Development|Any CPU.Build.0 = Development|Any CPU
		{53112BF6-0ACE-4A15-846C-13830FA2CD88}.Development|ARM.ActiveCfg = Development|Any CPU
		{53112BF6-0ACE-4A15-846C-13830FA2CD88}.Development|ARM.Build.0 = Development|Any CPU
		{53112BF6-0ACE-4A15-846C-13830FA2CD88}.Development|iPhone.ActiveCfg = Development|Any CPU
		{53112BF6-0ACE-4A15-846C-13830FA2CD88}.Development|iPhone.Build.0 = Development|Any CPU
		{53112BF6-0ACE-4A15-846C-13830FA2CD88}.Development|iPhoneSimulator.ActiveCfg = Development|Any CPU
		{53112BF6-0ACE-4A15-846C-13830FA2CD88}.Development|iPhoneSimulator.Build.0 = Development|Any CPU
		{53112BF6-0ACE-4A15-846C-13830FA2CD88}.Development|x64.ActiveCfg = Development|Any CPU
		{53112BF6-0ACE-4A15-846C-13830FA2CD88}.Development|x64.Build.0 = Development|Any CPU
		{53112BF6-0ACE-4A15-846C-13830FA2CD88}.Development|x86.ActiveCfg = Development|Any CPU
		{53112BF6-0ACE-4A15-846C-13830FA2CD88}.Development|x86.Build.0 = Development|Any CPU
		{53112BF6-0ACE-4A15-846C-13830FA2CD88}.Release|Any CPU.ActiveCfg = Release|Any CPU
		{53112BF6-0ACE-4A15-846C-13830FA2CD88}.Release|Any CPU.Build.0 = Release|Any CPU
		{53112BF6-0ACE-4A15-846C-13830FA2CD88}.Release|ARM.ActiveCfg = Release|Any CPU
		{53112BF6-0ACE-4A15-846C-13830FA2CD88}.Release|ARM.Build.0 = Release|Any CPU
		{53112BF6-0ACE-4A15-846C-13830FA2CD88}.Release|iPhone.ActiveCfg = Release|Any CPU
		{53112BF6-0ACE-4A15-846C-13830FA2CD88}.Release|iPhone.Build.0 = Release|Any CPU
		{53112BF6-0ACE-4A15-846C-13830FA2CD88}.Release|iPhoneSimulator.ActiveCfg = Release|Any CPU
		{53112BF6-0ACE-4A15-846C-13830FA2CD88}.Release|iPhoneSimulator.Build.0 = Release|Any CPU
		{53112BF6-0ACE-4A15-846C-13830FA2CD88}.Release|x64.ActiveCfg = Release|Any CPU
		{53112BF6-0ACE-4A15-846C-13830FA2CD88}.Release|x64.Build.0 = Release|Any CPU
		{53112BF6-0ACE-4A15-846C-13830FA2CD88}.Release|x86.ActiveCfg = Release|Any CPU
		{53112BF6-0ACE-4A15-846C-13830FA2CD88}.Release|x86.Build.0 = Release|Any CPU
		{53112BF6-0ACE-4A15-846C-13830FA2CD88}.Staging|Any CPU.ActiveCfg = Staging|Any CPU
		{53112BF6-0ACE-4A15-846C-13830FA2CD88}.Staging|Any CPU.Build.0 = Staging|Any CPU
		{53112BF6-0ACE-4A15-846C-13830FA2CD88}.Staging|ARM.ActiveCfg = Staging|Any CPU
		{53112BF6-0ACE-4A15-846C-13830FA2CD88}.Staging|ARM.Build.0 = Staging|Any CPU
		{53112BF6-0ACE-4A15-846C-13830FA2CD88}.Staging|iPhone.ActiveCfg = Staging|Any CPU
		{53112BF6-0ACE-4A15-846C-13830FA2CD88}.Staging|iPhone.Build.0 = Staging|Any CPU
		{53112BF6-0ACE-4A15-846C-13830FA2CD88}.Staging|iPhoneSimulator.ActiveCfg = Staging|Any CPU
		{53112BF6-0ACE-4A15-846C-13830FA2CD88}.Staging|iPhoneSimulator.Build.0 = Staging|Any CPU
		{53112BF6-0ACE-4A15-846C-13830FA2CD88}.Staging|x64.ActiveCfg = Staging|Any CPU
		{53112BF6-0ACE-4A15-846C-13830FA2CD88}.Staging|x64.Build.0 = Staging|Any CPU
		{53112BF6-0ACE-4A15-846C-13830FA2CD88}.Staging|x86.ActiveCfg = Staging|Any CPU
		{53112BF6-0ACE-4A15-846C-13830FA2CD88}.Staging|x86.Build.0 = Staging|Any CPU
		{50B6435B-9FBC-4F59-B10E-693EB2067075}.Ad-Hoc|Any CPU.ActiveCfg = Release|Any CPU
		{50B6435B-9FBC-4F59-B10E-693EB2067075}.Ad-Hoc|Any CPU.Build.0 = Release|Any CPU
		{50B6435B-9FBC-4F59-B10E-693EB2067075}.Ad-Hoc|ARM.ActiveCfg = Release|Any CPU
		{50B6435B-9FBC-4F59-B10E-693EB2067075}.Ad-Hoc|ARM.Build.0 = Release|Any CPU
		{50B6435B-9FBC-4F59-B10E-693EB2067075}.Ad-Hoc|iPhone.ActiveCfg = Release|Any CPU
		{50B6435B-9FBC-4F59-B10E-693EB2067075}.Ad-Hoc|iPhone.Build.0 = Release|Any CPU
		{50B6435B-9FBC-4F59-B10E-693EB2067075}.Ad-Hoc|iPhoneSimulator.ActiveCfg = Release|Any CPU
		{50B6435B-9FBC-4F59-B10E-693EB2067075}.Ad-Hoc|iPhoneSimulator.Build.0 = Release|Any CPU
		{50B6435B-9FBC-4F59-B10E-693EB2067075}.Ad-Hoc|x64.ActiveCfg = Release|Any CPU
		{50B6435B-9FBC-4F59-B10E-693EB2067075}.Ad-Hoc|x64.Build.0 = Release|Any CPU
		{50B6435B-9FBC-4F59-B10E-693EB2067075}.Ad-Hoc|x86.ActiveCfg = Release|Any CPU
		{50B6435B-9FBC-4F59-B10E-693EB2067075}.Ad-Hoc|x86.Build.0 = Release|Any CPU
		{50B6435B-9FBC-4F59-B10E-693EB2067075}.AppStore|Any CPU.ActiveCfg = Release|Any CPU
		{50B6435B-9FBC-4F59-B10E-693EB2067075}.AppStore|Any CPU.Build.0 = Release|Any CPU
		{50B6435B-9FBC-4F59-B10E-693EB2067075}.AppStore|ARM.ActiveCfg = Release|Any CPU
		{50B6435B-9FBC-4F59-B10E-693EB2067075}.AppStore|ARM.Build.0 = Release|Any CPU
		{50B6435B-9FBC-4F59-B10E-693EB2067075}.AppStore|iPhone.ActiveCfg = Release|Any CPU
		{50B6435B-9FBC-4F59-B10E-693EB2067075}.AppStore|iPhone.Build.0 = Release|Any CPU
		{50B6435B-9FBC-4F59-B10E-693EB2067075}.AppStore|iPhoneSimulator.ActiveCfg = Release|Any CPU
		{50B6435B-9FBC-4F59-B10E-693EB2067075}.AppStore|iPhoneSimulator.Build.0 = Release|Any CPU
		{50B6435B-9FBC-4F59-B10E-693EB2067075}.AppStore|x64.ActiveCfg = Release|Any CPU
		{50B6435B-9FBC-4F59-B10E-693EB2067075}.AppStore|x64.Build.0 = Release|Any CPU
		{50B6435B-9FBC-4F59-B10E-693EB2067075}.AppStore|x86.ActiveCfg = Release|Any CPU
		{50B6435B-9FBC-4F59-B10E-693EB2067075}.AppStore|x86.Build.0 = Release|Any CPU
		{50B6435B-9FBC-4F59-B10E-693EB2067075}.Debug|Any CPU.ActiveCfg = Debug|Any CPU
		{50B6435B-9FBC-4F59-B10E-693EB2067075}.Debug|Any CPU.Build.0 = Debug|Any CPU
		{50B6435B-9FBC-4F59-B10E-693EB2067075}.Debug|ARM.ActiveCfg = Debug|Any CPU
		{50B6435B-9FBC-4F59-B10E-693EB2067075}.Debug|ARM.Build.0 = Debug|Any CPU
		{50B6435B-9FBC-4F59-B10E-693EB2067075}.Debug|iPhone.ActiveCfg = Debug|Any CPU
		{50B6435B-9FBC-4F59-B10E-693EB2067075}.Debug|iPhone.Build.0 = Debug|Any CPU
		{50B6435B-9FBC-4F59-B10E-693EB2067075}.Debug|iPhoneSimulator.ActiveCfg = Debug|Any CPU
		{50B6435B-9FBC-4F59-B10E-693EB2067075}.Debug|iPhoneSimulator.Build.0 = Debug|Any CPU
		{50B6435B-9FBC-4F59-B10E-693EB2067075}.Debug|x64.ActiveCfg = Debug|Any CPU
		{50B6435B-9FBC-4F59-B10E-693EB2067075}.Debug|x64.Build.0 = Debug|Any CPU
		{50B6435B-9FBC-4F59-B10E-693EB2067075}.Debug|x86.ActiveCfg = Debug|Any CPU
		{50B6435B-9FBC-4F59-B10E-693EB2067075}.Debug|x86.Build.0 = Debug|Any CPU
		{50B6435B-9FBC-4F59-B10E-693EB2067075}.Development|Any CPU.ActiveCfg = Development|Any CPU
		{50B6435B-9FBC-4F59-B10E-693EB2067075}.Development|Any CPU.Build.0 = Development|Any CPU
		{50B6435B-9FBC-4F59-B10E-693EB2067075}.Development|ARM.ActiveCfg = Development|Any CPU
		{50B6435B-9FBC-4F59-B10E-693EB2067075}.Development|ARM.Build.0 = Development|Any CPU
		{50B6435B-9FBC-4F59-B10E-693EB2067075}.Development|iPhone.ActiveCfg = Development|Any CPU
		{50B6435B-9FBC-4F59-B10E-693EB2067075}.Development|iPhone.Build.0 = Development|Any CPU
		{50B6435B-9FBC-4F59-B10E-693EB2067075}.Development|iPhoneSimulator.ActiveCfg = Development|Any CPU
		{50B6435B-9FBC-4F59-B10E-693EB2067075}.Development|iPhoneSimulator.Build.0 = Development|Any CPU
		{50B6435B-9FBC-4F59-B10E-693EB2067075}.Development|x64.ActiveCfg = Development|Any CPU
		{50B6435B-9FBC-4F59-B10E-693EB2067075}.Development|x64.Build.0 = Development|Any CPU
		{50B6435B-9FBC-4F59-B10E-693EB2067075}.Development|x86.ActiveCfg = Development|Any CPU
		{50B6435B-9FBC-4F59-B10E-693EB2067075}.Development|x86.Build.0 = Development|Any CPU
		{50B6435B-9FBC-4F59-B10E-693EB2067075}.Release|Any CPU.ActiveCfg = Release|Any CPU
		{50B6435B-9FBC-4F59-B10E-693EB2067075}.Release|Any CPU.Build.0 = Release|Any CPU
		{50B6435B-9FBC-4F59-B10E-693EB2067075}.Release|ARM.ActiveCfg = Release|Any CPU
		{50B6435B-9FBC-4F59-B10E-693EB2067075}.Release|ARM.Build.0 = Release|Any CPU
		{50B6435B-9FBC-4F59-B10E-693EB2067075}.Release|iPhone.ActiveCfg = Release|Any CPU
		{50B6435B-9FBC-4F59-B10E-693EB2067075}.Release|iPhone.Build.0 = Release|Any CPU
		{50B6435B-9FBC-4F59-B10E-693EB2067075}.Release|iPhoneSimulator.ActiveCfg = Release|Any CPU
		{50B6435B-9FBC-4F59-B10E-693EB2067075}.Release|iPhoneSimulator.Build.0 = Release|Any CPU
		{50B6435B-9FBC-4F59-B10E-693EB2067075}.Release|x64.ActiveCfg = Release|Any CPU
		{50B6435B-9FBC-4F59-B10E-693EB2067075}.Release|x64.Build.0 = Release|Any CPU
		{50B6435B-9FBC-4F59-B10E-693EB2067075}.Release|x86.ActiveCfg = Release|Any CPU
		{50B6435B-9FBC-4F59-B10E-693EB2067075}.Release|x86.Build.0 = Release|Any CPU
		{50B6435B-9FBC-4F59-B10E-693EB2067075}.Staging|Any CPU.ActiveCfg = Staging|Any CPU
		{50B6435B-9FBC-4F59-B10E-693EB2067075}.Staging|Any CPU.Build.0 = Staging|Any CPU
		{50B6435B-9FBC-4F59-B10E-693EB2067075}.Staging|ARM.ActiveCfg = Staging|Any CPU
		{50B6435B-9FBC-4F59-B10E-693EB2067075}.Staging|ARM.Build.0 = Staging|Any CPU
		{50B6435B-9FBC-4F59-B10E-693EB2067075}.Staging|iPhone.ActiveCfg = Staging|Any CPU
		{50B6435B-9FBC-4F59-B10E-693EB2067075}.Staging|iPhone.Build.0 = Staging|Any CPU
		{50B6435B-9FBC-4F59-B10E-693EB2067075}.Staging|iPhoneSimulator.ActiveCfg = Staging|Any CPU
		{50B6435B-9FBC-4F59-B10E-693EB2067075}.Staging|iPhoneSimulator.Build.0 = Staging|Any CPU
		{50B6435B-9FBC-4F59-B10E-693EB2067075}.Staging|x64.ActiveCfg = Staging|Any CPU
		{50B6435B-9FBC-4F59-B10E-693EB2067075}.Staging|x64.Build.0 = Staging|Any CPU
		{50B6435B-9FBC-4F59-B10E-693EB2067075}.Staging|x86.ActiveCfg = Staging|Any CPU
		{50B6435B-9FBC-4F59-B10E-693EB2067075}.Staging|x86.Build.0 = Staging|Any CPU
		{09F2CB61-1C9C-42A0-A741-17B0434D188A}.Ad-Hoc|Any CPU.ActiveCfg = Release|Any CPU
		{09F2CB61-1C9C-42A0-A741-17B0434D188A}.Ad-Hoc|Any CPU.Build.0 = Release|Any CPU
		{09F2CB61-1C9C-42A0-A741-17B0434D188A}.Ad-Hoc|ARM.ActiveCfg = Release|Any CPU
		{09F2CB61-1C9C-42A0-A741-17B0434D188A}.Ad-Hoc|ARM.Build.0 = Release|Any CPU
		{09F2CB61-1C9C-42A0-A741-17B0434D188A}.Ad-Hoc|iPhone.ActiveCfg = Release|Any CPU
		{09F2CB61-1C9C-42A0-A741-17B0434D188A}.Ad-Hoc|iPhone.Build.0 = Release|Any CPU
		{09F2CB61-1C9C-42A0-A741-17B0434D188A}.Ad-Hoc|iPhoneSimulator.ActiveCfg = Release|Any CPU
		{09F2CB61-1C9C-42A0-A741-17B0434D188A}.Ad-Hoc|iPhoneSimulator.Build.0 = Release|Any CPU
		{09F2CB61-1C9C-42A0-A741-17B0434D188A}.Ad-Hoc|x64.ActiveCfg = Release|Any CPU
		{09F2CB61-1C9C-42A0-A741-17B0434D188A}.Ad-Hoc|x64.Build.0 = Release|Any CPU
		{09F2CB61-1C9C-42A0-A741-17B0434D188A}.Ad-Hoc|x86.ActiveCfg = Release|Any CPU
		{09F2CB61-1C9C-42A0-A741-17B0434D188A}.Ad-Hoc|x86.Build.0 = Release|Any CPU
		{09F2CB61-1C9C-42A0-A741-17B0434D188A}.AppStore|Any CPU.ActiveCfg = Release|Any CPU
		{09F2CB61-1C9C-42A0-A741-17B0434D188A}.AppStore|Any CPU.Build.0 = Release|Any CPU
		{09F2CB61-1C9C-42A0-A741-17B0434D188A}.AppStore|ARM.ActiveCfg = Release|Any CPU
		{09F2CB61-1C9C-42A0-A741-17B0434D188A}.AppStore|ARM.Build.0 = Release|Any CPU
		{09F2CB61-1C9C-42A0-A741-17B0434D188A}.AppStore|iPhone.ActiveCfg = Release|Any CPU
		{09F2CB61-1C9C-42A0-A741-17B0434D188A}.AppStore|iPhone.Build.0 = Release|Any CPU
		{09F2CB61-1C9C-42A0-A741-17B0434D188A}.AppStore|iPhoneSimulator.ActiveCfg = Release|Any CPU
		{09F2CB61-1C9C-42A0-A741-17B0434D188A}.AppStore|iPhoneSimulator.Build.0 = Release|Any CPU
		{09F2CB61-1C9C-42A0-A741-17B0434D188A}.AppStore|x64.ActiveCfg = Release|Any CPU
		{09F2CB61-1C9C-42A0-A741-17B0434D188A}.AppStore|x64.Build.0 = Release|Any CPU
		{09F2CB61-1C9C-42A0-A741-17B0434D188A}.AppStore|x86.ActiveCfg = Release|Any CPU
		{09F2CB61-1C9C-42A0-A741-17B0434D188A}.AppStore|x86.Build.0 = Release|Any CPU
		{09F2CB61-1C9C-42A0-A741-17B0434D188A}.Debug|Any CPU.ActiveCfg = Debug|Any CPU
		{09F2CB61-1C9C-42A0-A741-17B0434D188A}.Debug|ARM.ActiveCfg = Debug|Any CPU
		{09F2CB61-1C9C-42A0-A741-17B0434D188A}.Debug|ARM.Build.0 = Debug|Any CPU
		{09F2CB61-1C9C-42A0-A741-17B0434D188A}.Debug|iPhone.ActiveCfg = Debug|Any CPU
		{09F2CB61-1C9C-42A0-A741-17B0434D188A}.Debug|iPhone.Build.0 = Debug|Any CPU
		{09F2CB61-1C9C-42A0-A741-17B0434D188A}.Debug|iPhoneSimulator.ActiveCfg = Debug|Any CPU
		{09F2CB61-1C9C-42A0-A741-17B0434D188A}.Debug|iPhoneSimulator.Build.0 = Debug|Any CPU
		{09F2CB61-1C9C-42A0-A741-17B0434D188A}.Debug|x64.ActiveCfg = Debug|Any CPU
		{09F2CB61-1C9C-42A0-A741-17B0434D188A}.Debug|x64.Build.0 = Debug|Any CPU
		{09F2CB61-1C9C-42A0-A741-17B0434D188A}.Debug|x86.ActiveCfg = Debug|Any CPU
		{09F2CB61-1C9C-42A0-A741-17B0434D188A}.Debug|x86.Build.0 = Debug|Any CPU
		{09F2CB61-1C9C-42A0-A741-17B0434D188A}.Development|Any CPU.ActiveCfg = Development|Any CPU
		{09F2CB61-1C9C-42A0-A741-17B0434D188A}.Development|Any CPU.Build.0 = Development|Any CPU
		{09F2CB61-1C9C-42A0-A741-17B0434D188A}.Development|ARM.ActiveCfg = Development|Any CPU
		{09F2CB61-1C9C-42A0-A741-17B0434D188A}.Development|ARM.Build.0 = Development|Any CPU
		{09F2CB61-1C9C-42A0-A741-17B0434D188A}.Development|iPhone.ActiveCfg = Development|Any CPU
		{09F2CB61-1C9C-42A0-A741-17B0434D188A}.Development|iPhone.Build.0 = Development|Any CPU
		{09F2CB61-1C9C-42A0-A741-17B0434D188A}.Development|iPhoneSimulator.ActiveCfg = Development|Any CPU
		{09F2CB61-1C9C-42A0-A741-17B0434D188A}.Development|iPhoneSimulator.Build.0 = Development|Any CPU
		{09F2CB61-1C9C-42A0-A741-17B0434D188A}.Development|x64.ActiveCfg = Development|Any CPU
		{09F2CB61-1C9C-42A0-A741-17B0434D188A}.Development|x64.Build.0 = Development|Any CPU
		{09F2CB61-1C9C-42A0-A741-17B0434D188A}.Development|x86.ActiveCfg = Development|Any CPU
		{09F2CB61-1C9C-42A0-A741-17B0434D188A}.Development|x86.Build.0 = Development|Any CPU
		{09F2CB61-1C9C-42A0-A741-17B0434D188A}.Release|Any CPU.ActiveCfg = Release|Any CPU
		{09F2CB61-1C9C-42A0-A741-17B0434D188A}.Release|ARM.ActiveCfg = Release|Any CPU
		{09F2CB61-1C9C-42A0-A741-17B0434D188A}.Release|ARM.Build.0 = Release|Any CPU
		{09F2CB61-1C9C-42A0-A741-17B0434D188A}.Release|iPhone.ActiveCfg = Release|Any CPU
		{09F2CB61-1C9C-42A0-A741-17B0434D188A}.Release|iPhone.Build.0 = Release|Any CPU
		{09F2CB61-1C9C-42A0-A741-17B0434D188A}.Release|iPhoneSimulator.ActiveCfg = Release|Any CPU
		{09F2CB61-1C9C-42A0-A741-17B0434D188A}.Release|iPhoneSimulator.Build.0 = Release|Any CPU
		{09F2CB61-1C9C-42A0-A741-17B0434D188A}.Release|x64.ActiveCfg = Release|Any CPU
		{09F2CB61-1C9C-42A0-A741-17B0434D188A}.Release|x64.Build.0 = Release|Any CPU
		{09F2CB61-1C9C-42A0-A741-17B0434D188A}.Release|x86.ActiveCfg = Release|Any CPU
		{09F2CB61-1C9C-42A0-A741-17B0434D188A}.Release|x86.Build.0 = Release|Any CPU
		{09F2CB61-1C9C-42A0-A741-17B0434D188A}.Staging|Any CPU.ActiveCfg = Staging|Any CPU
		{09F2CB61-1C9C-42A0-A741-17B0434D188A}.Staging|Any CPU.Build.0 = Staging|Any CPU
		{09F2CB61-1C9C-42A0-A741-17B0434D188A}.Staging|ARM.ActiveCfg = Staging|Any CPU
		{09F2CB61-1C9C-42A0-A741-17B0434D188A}.Staging|ARM.Build.0 = Staging|Any CPU
		{09F2CB61-1C9C-42A0-A741-17B0434D188A}.Staging|iPhone.ActiveCfg = Staging|Any CPU
		{09F2CB61-1C9C-42A0-A741-17B0434D188A}.Staging|iPhone.Build.0 = Staging|Any CPU
		{09F2CB61-1C9C-42A0-A741-17B0434D188A}.Staging|iPhoneSimulator.ActiveCfg = Staging|Any CPU
		{09F2CB61-1C9C-42A0-A741-17B0434D188A}.Staging|iPhoneSimulator.Build.0 = Staging|Any CPU
		{09F2CB61-1C9C-42A0-A741-17B0434D188A}.Staging|x64.ActiveCfg = Staging|Any CPU
		{09F2CB61-1C9C-42A0-A741-17B0434D188A}.Staging|x64.Build.0 = Staging|Any CPU
		{09F2CB61-1C9C-42A0-A741-17B0434D188A}.Staging|x86.ActiveCfg = Staging|Any CPU
		{09F2CB61-1C9C-42A0-A741-17B0434D188A}.Staging|x86.Build.0 = Staging|Any CPU
		{A0395902-57DF-4D25-AF61-57B29DCB6B84}.Ad-Hoc|Any CPU.ActiveCfg = Release|Any CPU
		{A0395902-57DF-4D25-AF61-57B29DCB6B84}.Ad-Hoc|Any CPU.Build.0 = Release|Any CPU
		{A0395902-57DF-4D25-AF61-57B29DCB6B84}.Ad-Hoc|ARM.ActiveCfg = Release|Any CPU
		{A0395902-57DF-4D25-AF61-57B29DCB6B84}.Ad-Hoc|ARM.Build.0 = Release|Any CPU
		{A0395902-57DF-4D25-AF61-57B29DCB6B84}.Ad-Hoc|iPhone.ActiveCfg = Release|Any CPU
		{A0395902-57DF-4D25-AF61-57B29DCB6B84}.Ad-Hoc|iPhone.Build.0 = Release|Any CPU
		{A0395902-57DF-4D25-AF61-57B29DCB6B84}.Ad-Hoc|iPhoneSimulator.ActiveCfg = Release|Any CPU
		{A0395902-57DF-4D25-AF61-57B29DCB6B84}.Ad-Hoc|iPhoneSimulator.Build.0 = Release|Any CPU
		{A0395902-57DF-4D25-AF61-57B29DCB6B84}.Ad-Hoc|x64.ActiveCfg = Release|Any CPU
		{A0395902-57DF-4D25-AF61-57B29DCB6B84}.Ad-Hoc|x64.Build.0 = Release|Any CPU
		{A0395902-57DF-4D25-AF61-57B29DCB6B84}.Ad-Hoc|x86.ActiveCfg = Release|Any CPU
		{A0395902-57DF-4D25-AF61-57B29DCB6B84}.Ad-Hoc|x86.Build.0 = Release|Any CPU
		{A0395902-57DF-4D25-AF61-57B29DCB6B84}.AppStore|Any CPU.ActiveCfg = Release|Any CPU
		{A0395902-57DF-4D25-AF61-57B29DCB6B84}.AppStore|Any CPU.Build.0 = Release|Any CPU
		{A0395902-57DF-4D25-AF61-57B29DCB6B84}.AppStore|ARM.ActiveCfg = Release|Any CPU
		{A0395902-57DF-4D25-AF61-57B29DCB6B84}.AppStore|ARM.Build.0 = Release|Any CPU
		{A0395902-57DF-4D25-AF61-57B29DCB6B84}.AppStore|iPhone.ActiveCfg = Release|Any CPU
		{A0395902-57DF-4D25-AF61-57B29DCB6B84}.AppStore|iPhone.Build.0 = Release|Any CPU
		{A0395902-57DF-4D25-AF61-57B29DCB6B84}.AppStore|iPhoneSimulator.ActiveCfg = Release|Any CPU
		{A0395902-57DF-4D25-AF61-57B29DCB6B84}.AppStore|iPhoneSimulator.Build.0 = Release|Any CPU
		{A0395902-57DF-4D25-AF61-57B29DCB6B84}.AppStore|x64.ActiveCfg = Release|Any CPU
		{A0395902-57DF-4D25-AF61-57B29DCB6B84}.AppStore|x64.Build.0 = Release|Any CPU
		{A0395902-57DF-4D25-AF61-57B29DCB6B84}.AppStore|x86.ActiveCfg = Release|Any CPU
		{A0395902-57DF-4D25-AF61-57B29DCB6B84}.AppStore|x86.Build.0 = Release|Any CPU
		{A0395902-57DF-4D25-AF61-57B29DCB6B84}.Debug|Any CPU.ActiveCfg = Debug|Any CPU
		{A0395902-57DF-4D25-AF61-57B29DCB6B84}.Debug|Any CPU.Build.0 = Debug|Any CPU
		{A0395902-57DF-4D25-AF61-57B29DCB6B84}.Debug|ARM.ActiveCfg = Debug|Any CPU
		{A0395902-57DF-4D25-AF61-57B29DCB6B84}.Debug|ARM.Build.0 = Debug|Any CPU
		{A0395902-57DF-4D25-AF61-57B29DCB6B84}.Debug|iPhone.ActiveCfg = Debug|Any CPU
		{A0395902-57DF-4D25-AF61-57B29DCB6B84}.Debug|iPhone.Build.0 = Debug|Any CPU
		{A0395902-57DF-4D25-AF61-57B29DCB6B84}.Debug|iPhoneSimulator.ActiveCfg = Debug|Any CPU
		{A0395902-57DF-4D25-AF61-57B29DCB6B84}.Debug|iPhoneSimulator.Build.0 = Debug|Any CPU
		{A0395902-57DF-4D25-AF61-57B29DCB6B84}.Debug|x64.ActiveCfg = Debug|Any CPU
		{A0395902-57DF-4D25-AF61-57B29DCB6B84}.Debug|x64.Build.0 = Debug|Any CPU
		{A0395902-57DF-4D25-AF61-57B29DCB6B84}.Debug|x86.ActiveCfg = Debug|Any CPU
		{A0395902-57DF-4D25-AF61-57B29DCB6B84}.Debug|x86.Build.0 = Debug|Any CPU
		{A0395902-57DF-4D25-AF61-57B29DCB6B84}.Development|Any CPU.ActiveCfg = Debug|Any CPU
		{A0395902-57DF-4D25-AF61-57B29DCB6B84}.Development|Any CPU.Build.0 = Debug|Any CPU
		{A0395902-57DF-4D25-AF61-57B29DCB6B84}.Development|ARM.ActiveCfg = Debug|Any CPU
		{A0395902-57DF-4D25-AF61-57B29DCB6B84}.Development|ARM.Build.0 = Debug|Any CPU
		{A0395902-57DF-4D25-AF61-57B29DCB6B84}.Development|iPhone.ActiveCfg = Debug|Any CPU
		{A0395902-57DF-4D25-AF61-57B29DCB6B84}.Development|iPhone.Build.0 = Debug|Any CPU
		{A0395902-57DF-4D25-AF61-57B29DCB6B84}.Development|iPhoneSimulator.ActiveCfg = Debug|Any CPU
		{A0395902-57DF-4D25-AF61-57B29DCB6B84}.Development|iPhoneSimulator.Build.0 = Debug|Any CPU
		{A0395902-57DF-4D25-AF61-57B29DCB6B84}.Development|x64.ActiveCfg = Debug|Any CPU
		{A0395902-57DF-4D25-AF61-57B29DCB6B84}.Development|x64.Build.0 = Debug|Any CPU
		{A0395902-57DF-4D25-AF61-57B29DCB6B84}.Development|x86.ActiveCfg = Debug|Any CPU
		{A0395902-57DF-4D25-AF61-57B29DCB6B84}.Development|x86.Build.0 = Debug|Any CPU
		{A0395902-57DF-4D25-AF61-57B29DCB6B84}.Release|Any CPU.ActiveCfg = Release|Any CPU
		{A0395902-57DF-4D25-AF61-57B29DCB6B84}.Release|Any CPU.Build.0 = Release|Any CPU
		{A0395902-57DF-4D25-AF61-57B29DCB6B84}.Release|ARM.ActiveCfg = Release|Any CPU
		{A0395902-57DF-4D25-AF61-57B29DCB6B84}.Release|ARM.Build.0 = Release|Any CPU
		{A0395902-57DF-4D25-AF61-57B29DCB6B84}.Release|iPhone.ActiveCfg = Release|Any CPU
		{A0395902-57DF-4D25-AF61-57B29DCB6B84}.Release|iPhone.Build.0 = Release|Any CPU
		{A0395902-57DF-4D25-AF61-57B29DCB6B84}.Release|iPhoneSimulator.ActiveCfg = Release|Any CPU
		{A0395902-57DF-4D25-AF61-57B29DCB6B84}.Release|iPhoneSimulator.Build.0 = Release|Any CPU
		{A0395902-57DF-4D25-AF61-57B29DCB6B84}.Release|x64.ActiveCfg = Release|Any CPU
		{A0395902-57DF-4D25-AF61-57B29DCB6B84}.Release|x64.Build.0 = Release|Any CPU
		{A0395902-57DF-4D25-AF61-57B29DCB6B84}.Release|x86.ActiveCfg = Release|Any CPU
		{A0395902-57DF-4D25-AF61-57B29DCB6B84}.Release|x86.Build.0 = Release|Any CPU
		{A0395902-57DF-4D25-AF61-57B29DCB6B84}.Staging|Any CPU.ActiveCfg = Debug|Any CPU
		{A0395902-57DF-4D25-AF61-57B29DCB6B84}.Staging|Any CPU.Build.0 = Debug|Any CPU
		{A0395902-57DF-4D25-AF61-57B29DCB6B84}.Staging|ARM.ActiveCfg = Debug|Any CPU
		{A0395902-57DF-4D25-AF61-57B29DCB6B84}.Staging|ARM.Build.0 = Debug|Any CPU
		{A0395902-57DF-4D25-AF61-57B29DCB6B84}.Staging|iPhone.ActiveCfg = Debug|Any CPU
		{A0395902-57DF-4D25-AF61-57B29DCB6B84}.Staging|iPhone.Build.0 = Debug|Any CPU
		{A0395902-57DF-4D25-AF61-57B29DCB6B84}.Staging|iPhoneSimulator.ActiveCfg = Debug|Any CPU
		{A0395902-57DF-4D25-AF61-57B29DCB6B84}.Staging|iPhoneSimulator.Build.0 = Debug|Any CPU
		{A0395902-57DF-4D25-AF61-57B29DCB6B84}.Staging|x64.ActiveCfg = Debug|Any CPU
		{A0395902-57DF-4D25-AF61-57B29DCB6B84}.Staging|x64.Build.0 = Debug|Any CPU
		{A0395902-57DF-4D25-AF61-57B29DCB6B84}.Staging|x86.ActiveCfg = Debug|Any CPU
		{A0395902-57DF-4D25-AF61-57B29DCB6B84}.Staging|x86.Build.0 = Debug|Any CPU
		{1BFA410B-1A87-4E83-B0B9-1A2B5F192663}.Ad-Hoc|Any CPU.ActiveCfg = Release|Any CPU
		{1BFA410B-1A87-4E83-B0B9-1A2B5F192663}.Ad-Hoc|Any CPU.Build.0 = Release|Any CPU
		{1BFA410B-1A87-4E83-B0B9-1A2B5F192663}.Ad-Hoc|ARM.ActiveCfg = Release|Any CPU
		{1BFA410B-1A87-4E83-B0B9-1A2B5F192663}.Ad-Hoc|ARM.Build.0 = Release|Any CPU
		{1BFA410B-1A87-4E83-B0B9-1A2B5F192663}.Ad-Hoc|iPhone.ActiveCfg = Release|Any CPU
		{1BFA410B-1A87-4E83-B0B9-1A2B5F192663}.Ad-Hoc|iPhone.Build.0 = Release|Any CPU
		{1BFA410B-1A87-4E83-B0B9-1A2B5F192663}.Ad-Hoc|iPhoneSimulator.ActiveCfg = Release|Any CPU
		{1BFA410B-1A87-4E83-B0B9-1A2B5F192663}.Ad-Hoc|iPhoneSimulator.Build.0 = Release|Any CPU
		{1BFA410B-1A87-4E83-B0B9-1A2B5F192663}.Ad-Hoc|x64.ActiveCfg = Release|Any CPU
		{1BFA410B-1A87-4E83-B0B9-1A2B5F192663}.Ad-Hoc|x64.Build.0 = Release|Any CPU
		{1BFA410B-1A87-4E83-B0B9-1A2B5F192663}.Ad-Hoc|x86.ActiveCfg = Release|Any CPU
		{1BFA410B-1A87-4E83-B0B9-1A2B5F192663}.Ad-Hoc|x86.Build.0 = Release|Any CPU
		{1BFA410B-1A87-4E83-B0B9-1A2B5F192663}.AppStore|Any CPU.ActiveCfg = Release|Any CPU
		{1BFA410B-1A87-4E83-B0B9-1A2B5F192663}.AppStore|Any CPU.Build.0 = Release|Any CPU
		{1BFA410B-1A87-4E83-B0B9-1A2B5F192663}.AppStore|ARM.ActiveCfg = Release|Any CPU
		{1BFA410B-1A87-4E83-B0B9-1A2B5F192663}.AppStore|ARM.Build.0 = Release|Any CPU
		{1BFA410B-1A87-4E83-B0B9-1A2B5F192663}.AppStore|iPhone.ActiveCfg = Release|Any CPU
		{1BFA410B-1A87-4E83-B0B9-1A2B5F192663}.AppStore|iPhone.Build.0 = Release|Any CPU
		{1BFA410B-1A87-4E83-B0B9-1A2B5F192663}.AppStore|iPhoneSimulator.ActiveCfg = Release|Any CPU
		{1BFA410B-1A87-4E83-B0B9-1A2B5F192663}.AppStore|iPhoneSimulator.Build.0 = Release|Any CPU
		{1BFA410B-1A87-4E83-B0B9-1A2B5F192663}.AppStore|x64.ActiveCfg = Release|Any CPU
		{1BFA410B-1A87-4E83-B0B9-1A2B5F192663}.AppStore|x64.Build.0 = Release|Any CPU
		{1BFA410B-1A87-4E83-B0B9-1A2B5F192663}.AppStore|x86.ActiveCfg = Release|Any CPU
		{1BFA410B-1A87-4E83-B0B9-1A2B5F192663}.AppStore|x86.Build.0 = Release|Any CPU
		{1BFA410B-1A87-4E83-B0B9-1A2B5F192663}.Debug|Any CPU.ActiveCfg = Debug|Any CPU
		{1BFA410B-1A87-4E83-B0B9-1A2B5F192663}.Debug|Any CPU.Build.0 = Debug|Any CPU
		{1BFA410B-1A87-4E83-B0B9-1A2B5F192663}.Debug|ARM.ActiveCfg = Debug|Any CPU
		{1BFA410B-1A87-4E83-B0B9-1A2B5F192663}.Debug|ARM.Build.0 = Debug|Any CPU
		{1BFA410B-1A87-4E83-B0B9-1A2B5F192663}.Debug|iPhone.ActiveCfg = Debug|Any CPU
		{1BFA410B-1A87-4E83-B0B9-1A2B5F192663}.Debug|iPhone.Build.0 = Debug|Any CPU
		{1BFA410B-1A87-4E83-B0B9-1A2B5F192663}.Debug|iPhoneSimulator.ActiveCfg = Debug|Any CPU
		{1BFA410B-1A87-4E83-B0B9-1A2B5F192663}.Debug|iPhoneSimulator.Build.0 = Debug|Any CPU
		{1BFA410B-1A87-4E83-B0B9-1A2B5F192663}.Debug|x64.ActiveCfg = Debug|Any CPU
		{1BFA410B-1A87-4E83-B0B9-1A2B5F192663}.Debug|x64.Build.0 = Debug|Any CPU
		{1BFA410B-1A87-4E83-B0B9-1A2B5F192663}.Debug|x86.ActiveCfg = Debug|Any CPU
		{1BFA410B-1A87-4E83-B0B9-1A2B5F192663}.Debug|x86.Build.0 = Debug|Any CPU
		{1BFA410B-1A87-4E83-B0B9-1A2B5F192663}.Development|Any CPU.ActiveCfg = Debug|Any CPU
		{1BFA410B-1A87-4E83-B0B9-1A2B5F192663}.Development|Any CPU.Build.0 = Debug|Any CPU
		{1BFA410B-1A87-4E83-B0B9-1A2B5F192663}.Development|ARM.ActiveCfg = Debug|Any CPU
		{1BFA410B-1A87-4E83-B0B9-1A2B5F192663}.Development|ARM.Build.0 = Debug|Any CPU
		{1BFA410B-1A87-4E83-B0B9-1A2B5F192663}.Development|iPhone.ActiveCfg = Debug|Any CPU
		{1BFA410B-1A87-4E83-B0B9-1A2B5F192663}.Development|iPhone.Build.0 = Debug|Any CPU
		{1BFA410B-1A87-4E83-B0B9-1A2B5F192663}.Development|iPhoneSimulator.ActiveCfg = Debug|Any CPU
		{1BFA410B-1A87-4E83-B0B9-1A2B5F192663}.Development|iPhoneSimulator.Build.0 = Debug|Any CPU
		{1BFA410B-1A87-4E83-B0B9-1A2B5F192663}.Development|x64.ActiveCfg = Debug|Any CPU
		{1BFA410B-1A87-4E83-B0B9-1A2B5F192663}.Development|x64.Build.0 = Debug|Any CPU
		{1BFA410B-1A87-4E83-B0B9-1A2B5F192663}.Development|x86.ActiveCfg = Debug|Any CPU
		{1BFA410B-1A87-4E83-B0B9-1A2B5F192663}.Development|x86.Build.0 = Debug|Any CPU
		{1BFA410B-1A87-4E83-B0B9-1A2B5F192663}.Release|Any CPU.ActiveCfg = Release|Any CPU
		{1BFA410B-1A87-4E83-B0B9-1A2B5F192663}.Release|Any CPU.Build.0 = Release|Any CPU
		{1BFA410B-1A87-4E83-B0B9-1A2B5F192663}.Release|ARM.ActiveCfg = Release|Any CPU
		{1BFA410B-1A87-4E83-B0B9-1A2B5F192663}.Release|ARM.Build.0 = Release|Any CPU
		{1BFA410B-1A87-4E83-B0B9-1A2B5F192663}.Release|iPhone.ActiveCfg = Release|Any CPU
		{1BFA410B-1A87-4E83-B0B9-1A2B5F192663}.Release|iPhone.Build.0 = Release|Any CPU
		{1BFA410B-1A87-4E83-B0B9-1A2B5F192663}.Release|iPhoneSimulator.ActiveCfg = Release|Any CPU
		{1BFA410B-1A87-4E83-B0B9-1A2B5F192663}.Release|iPhoneSimulator.Build.0 = Release|Any CPU
		{1BFA410B-1A87-4E83-B0B9-1A2B5F192663}.Release|x64.ActiveCfg = Release|Any CPU
		{1BFA410B-1A87-4E83-B0B9-1A2B5F192663}.Release|x64.Build.0 = Release|Any CPU
		{1BFA410B-1A87-4E83-B0B9-1A2B5F192663}.Release|x86.ActiveCfg = Release|Any CPU
		{1BFA410B-1A87-4E83-B0B9-1A2B5F192663}.Release|x86.Build.0 = Release|Any CPU
		{1BFA410B-1A87-4E83-B0B9-1A2B5F192663}.Staging|Any CPU.ActiveCfg = Debug|Any CPU
		{1BFA410B-1A87-4E83-B0B9-1A2B5F192663}.Staging|Any CPU.Build.0 = Debug|Any CPU
		{1BFA410B-1A87-4E83-B0B9-1A2B5F192663}.Staging|ARM.ActiveCfg = Debug|Any CPU
		{1BFA410B-1A87-4E83-B0B9-1A2B5F192663}.Staging|ARM.Build.0 = Debug|Any CPU
		{1BFA410B-1A87-4E83-B0B9-1A2B5F192663}.Staging|iPhone.ActiveCfg = Debug|Any CPU
		{1BFA410B-1A87-4E83-B0B9-1A2B5F192663}.Staging|iPhone.Build.0 = Debug|Any CPU
		{1BFA410B-1A87-4E83-B0B9-1A2B5F192663}.Staging|iPhoneSimulator.ActiveCfg = Debug|Any CPU
		{1BFA410B-1A87-4E83-B0B9-1A2B5F192663}.Staging|iPhoneSimulator.Build.0 = Debug|Any CPU
		{1BFA410B-1A87-4E83-B0B9-1A2B5F192663}.Staging|x64.ActiveCfg = Debug|Any CPU
		{1BFA410B-1A87-4E83-B0B9-1A2B5F192663}.Staging|x64.Build.0 = Debug|Any CPU
		{1BFA410B-1A87-4E83-B0B9-1A2B5F192663}.Staging|x86.ActiveCfg = Debug|Any CPU
		{1BFA410B-1A87-4E83-B0B9-1A2B5F192663}.Staging|x86.Build.0 = Debug|Any CPU
		{BD918597-1B79-4EBF-B4A2-3F2BE1F93BE2}.Ad-Hoc|Any CPU.ActiveCfg = Release|Any CPU
		{BD918597-1B79-4EBF-B4A2-3F2BE1F93BE2}.Ad-Hoc|Any CPU.Build.0 = Release|Any CPU
		{BD918597-1B79-4EBF-B4A2-3F2BE1F93BE2}.Ad-Hoc|ARM.ActiveCfg = Release|Any CPU
		{BD918597-1B79-4EBF-B4A2-3F2BE1F93BE2}.Ad-Hoc|ARM.Build.0 = Release|Any CPU
		{BD918597-1B79-4EBF-B4A2-3F2BE1F93BE2}.Ad-Hoc|iPhone.ActiveCfg = Release|Any CPU
		{BD918597-1B79-4EBF-B4A2-3F2BE1F93BE2}.Ad-Hoc|iPhone.Build.0 = Release|Any CPU
		{BD918597-1B79-4EBF-B4A2-3F2BE1F93BE2}.Ad-Hoc|iPhoneSimulator.ActiveCfg = Release|Any CPU
		{BD918597-1B79-4EBF-B4A2-3F2BE1F93BE2}.Ad-Hoc|iPhoneSimulator.Build.0 = Release|Any CPU
		{BD918597-1B79-4EBF-B4A2-3F2BE1F93BE2}.Ad-Hoc|x64.ActiveCfg = Release|Any CPU
		{BD918597-1B79-4EBF-B4A2-3F2BE1F93BE2}.Ad-Hoc|x64.Build.0 = Release|Any CPU
		{BD918597-1B79-4EBF-B4A2-3F2BE1F93BE2}.Ad-Hoc|x86.ActiveCfg = Release|Any CPU
		{BD918597-1B79-4EBF-B4A2-3F2BE1F93BE2}.Ad-Hoc|x86.Build.0 = Release|Any CPU
		{BD918597-1B79-4EBF-B4A2-3F2BE1F93BE2}.AppStore|Any CPU.ActiveCfg = Release|Any CPU
		{BD918597-1B79-4EBF-B4A2-3F2BE1F93BE2}.AppStore|Any CPU.Build.0 = Release|Any CPU
		{BD918597-1B79-4EBF-B4A2-3F2BE1F93BE2}.AppStore|ARM.ActiveCfg = Release|Any CPU
		{BD918597-1B79-4EBF-B4A2-3F2BE1F93BE2}.AppStore|ARM.Build.0 = Release|Any CPU
		{BD918597-1B79-4EBF-B4A2-3F2BE1F93BE2}.AppStore|iPhone.ActiveCfg = Release|Any CPU
		{BD918597-1B79-4EBF-B4A2-3F2BE1F93BE2}.AppStore|iPhone.Build.0 = Release|Any CPU
		{BD918597-1B79-4EBF-B4A2-3F2BE1F93BE2}.AppStore|iPhoneSimulator.ActiveCfg = Release|Any CPU
		{BD918597-1B79-4EBF-B4A2-3F2BE1F93BE2}.AppStore|iPhoneSimulator.Build.0 = Release|Any CPU
		{BD918597-1B79-4EBF-B4A2-3F2BE1F93BE2}.AppStore|x64.ActiveCfg = Release|Any CPU
		{BD918597-1B79-4EBF-B4A2-3F2BE1F93BE2}.AppStore|x64.Build.0 = Release|Any CPU
		{BD918597-1B79-4EBF-B4A2-3F2BE1F93BE2}.AppStore|x86.ActiveCfg = Release|Any CPU
		{BD918597-1B79-4EBF-B4A2-3F2BE1F93BE2}.AppStore|x86.Build.0 = Release|Any CPU
		{BD918597-1B79-4EBF-B4A2-3F2BE1F93BE2}.Debug|Any CPU.ActiveCfg = Debug|Any CPU
		{BD918597-1B79-4EBF-B4A2-3F2BE1F93BE2}.Debug|Any CPU.Build.0 = Debug|Any CPU
		{BD918597-1B79-4EBF-B4A2-3F2BE1F93BE2}.Debug|ARM.ActiveCfg = Debug|Any CPU
		{BD918597-1B79-4EBF-B4A2-3F2BE1F93BE2}.Debug|ARM.Build.0 = Debug|Any CPU
		{BD918597-1B79-4EBF-B4A2-3F2BE1F93BE2}.Debug|iPhone.ActiveCfg = Debug|Any CPU
		{BD918597-1B79-4EBF-B4A2-3F2BE1F93BE2}.Debug|iPhone.Build.0 = Debug|Any CPU
		{BD918597-1B79-4EBF-B4A2-3F2BE1F93BE2}.Debug|iPhoneSimulator.ActiveCfg = Debug|Any CPU
		{BD918597-1B79-4EBF-B4A2-3F2BE1F93BE2}.Debug|iPhoneSimulator.Build.0 = Debug|Any CPU
		{BD918597-1B79-4EBF-B4A2-3F2BE1F93BE2}.Debug|x64.ActiveCfg = Debug|Any CPU
		{BD918597-1B79-4EBF-B4A2-3F2BE1F93BE2}.Debug|x64.Build.0 = Debug|Any CPU
		{BD918597-1B79-4EBF-B4A2-3F2BE1F93BE2}.Debug|x86.ActiveCfg = Debug|Any CPU
		{BD918597-1B79-4EBF-B4A2-3F2BE1F93BE2}.Debug|x86.Build.0 = Debug|Any CPU
		{BD918597-1B79-4EBF-B4A2-3F2BE1F93BE2}.Development|Any CPU.ActiveCfg = Debug|Any CPU
		{BD918597-1B79-4EBF-B4A2-3F2BE1F93BE2}.Development|Any CPU.Build.0 = Debug|Any CPU
		{BD918597-1B79-4EBF-B4A2-3F2BE1F93BE2}.Development|ARM.ActiveCfg = Debug|Any CPU
		{BD918597-1B79-4EBF-B4A2-3F2BE1F93BE2}.Development|ARM.Build.0 = Debug|Any CPU
		{BD918597-1B79-4EBF-B4A2-3F2BE1F93BE2}.Development|iPhone.ActiveCfg = Debug|Any CPU
		{BD918597-1B79-4EBF-B4A2-3F2BE1F93BE2}.Development|iPhone.Build.0 = Debug|Any CPU
		{BD918597-1B79-4EBF-B4A2-3F2BE1F93BE2}.Development|iPhoneSimulator.ActiveCfg = Debug|Any CPU
		{BD918597-1B79-4EBF-B4A2-3F2BE1F93BE2}.Development|iPhoneSimulator.Build.0 = Debug|Any CPU
		{BD918597-1B79-4EBF-B4A2-3F2BE1F93BE2}.Development|x64.ActiveCfg = Debug|Any CPU
		{BD918597-1B79-4EBF-B4A2-3F2BE1F93BE2}.Development|x64.Build.0 = Debug|Any CPU
		{BD918597-1B79-4EBF-B4A2-3F2BE1F93BE2}.Development|x86.ActiveCfg = Debug|Any CPU
		{BD918597-1B79-4EBF-B4A2-3F2BE1F93BE2}.Development|x86.Build.0 = Debug|Any CPU
		{BD918597-1B79-4EBF-B4A2-3F2BE1F93BE2}.Release|Any CPU.ActiveCfg = Release|Any CPU
		{BD918597-1B79-4EBF-B4A2-3F2BE1F93BE2}.Release|Any CPU.Build.0 = Release|Any CPU
		{BD918597-1B79-4EBF-B4A2-3F2BE1F93BE2}.Release|ARM.ActiveCfg = Release|Any CPU
		{BD918597-1B79-4EBF-B4A2-3F2BE1F93BE2}.Release|ARM.Build.0 = Release|Any CPU
		{BD918597-1B79-4EBF-B4A2-3F2BE1F93BE2}.Release|iPhone.ActiveCfg = Release|Any CPU
		{BD918597-1B79-4EBF-B4A2-3F2BE1F93BE2}.Release|iPhone.Build.0 = Release|Any CPU
		{BD918597-1B79-4EBF-B4A2-3F2BE1F93BE2}.Release|iPhoneSimulator.ActiveCfg = Release|Any CPU
		{BD918597-1B79-4EBF-B4A2-3F2BE1F93BE2}.Release|iPhoneSimulator.Build.0 = Release|Any CPU
		{BD918597-1B79-4EBF-B4A2-3F2BE1F93BE2}.Release|x64.ActiveCfg = Release|Any CPU
		{BD918597-1B79-4EBF-B4A2-3F2BE1F93BE2}.Release|x64.Build.0 = Release|Any CPU
		{BD918597-1B79-4EBF-B4A2-3F2BE1F93BE2}.Release|x86.ActiveCfg = Release|Any CPU
		{BD918597-1B79-4EBF-B4A2-3F2BE1F93BE2}.Release|x86.Build.0 = Release|Any CPU
		{BD918597-1B79-4EBF-B4A2-3F2BE1F93BE2}.Staging|Any CPU.ActiveCfg = Debug|Any CPU
		{BD918597-1B79-4EBF-B4A2-3F2BE1F93BE2}.Staging|Any CPU.Build.0 = Debug|Any CPU
		{BD918597-1B79-4EBF-B4A2-3F2BE1F93BE2}.Staging|ARM.ActiveCfg = Debug|Any CPU
		{BD918597-1B79-4EBF-B4A2-3F2BE1F93BE2}.Staging|ARM.Build.0 = Debug|Any CPU
		{BD918597-1B79-4EBF-B4A2-3F2BE1F93BE2}.Staging|iPhone.ActiveCfg = Debug|Any CPU
		{BD918597-1B79-4EBF-B4A2-3F2BE1F93BE2}.Staging|iPhone.Build.0 = Debug|Any CPU
		{BD918597-1B79-4EBF-B4A2-3F2BE1F93BE2}.Staging|iPhoneSimulator.ActiveCfg = Debug|Any CPU
		{BD918597-1B79-4EBF-B4A2-3F2BE1F93BE2}.Staging|iPhoneSimulator.Build.0 = Debug|Any CPU
		{BD918597-1B79-4EBF-B4A2-3F2BE1F93BE2}.Staging|x64.ActiveCfg = Debug|Any CPU
		{BD918597-1B79-4EBF-B4A2-3F2BE1F93BE2}.Staging|x64.Build.0 = Debug|Any CPU
		{BD918597-1B79-4EBF-B4A2-3F2BE1F93BE2}.Staging|x86.ActiveCfg = Debug|Any CPU
		{BD918597-1B79-4EBF-B4A2-3F2BE1F93BE2}.Staging|x86.Build.0 = Debug|Any CPU
		{3F6AE00C-6E00-4A9C-A3F5-43842AD84E21}.Ad-Hoc|Any CPU.ActiveCfg = Release|Any CPU
		{3F6AE00C-6E00-4A9C-A3F5-43842AD84E21}.Ad-Hoc|Any CPU.Build.0 = Release|Any CPU
		{3F6AE00C-6E00-4A9C-A3F5-43842AD84E21}.Ad-Hoc|ARM.ActiveCfg = Release|Any CPU
		{3F6AE00C-6E00-4A9C-A3F5-43842AD84E21}.Ad-Hoc|ARM.Build.0 = Release|Any CPU
		{3F6AE00C-6E00-4A9C-A3F5-43842AD84E21}.Ad-Hoc|iPhone.ActiveCfg = Release|Any CPU
		{3F6AE00C-6E00-4A9C-A3F5-43842AD84E21}.Ad-Hoc|iPhone.Build.0 = Release|Any CPU
		{3F6AE00C-6E00-4A9C-A3F5-43842AD84E21}.Ad-Hoc|iPhoneSimulator.ActiveCfg = Release|Any CPU
		{3F6AE00C-6E00-4A9C-A3F5-43842AD84E21}.Ad-Hoc|iPhoneSimulator.Build.0 = Release|Any CPU
		{3F6AE00C-6E00-4A9C-A3F5-43842AD84E21}.Ad-Hoc|x64.ActiveCfg = Release|Any CPU
		{3F6AE00C-6E00-4A9C-A3F5-43842AD84E21}.Ad-Hoc|x64.Build.0 = Release|Any CPU
		{3F6AE00C-6E00-4A9C-A3F5-43842AD84E21}.Ad-Hoc|x86.ActiveCfg = Release|Any CPU
		{3F6AE00C-6E00-4A9C-A3F5-43842AD84E21}.Ad-Hoc|x86.Build.0 = Release|Any CPU
		{3F6AE00C-6E00-4A9C-A3F5-43842AD84E21}.AppStore|Any CPU.ActiveCfg = Release|Any CPU
		{3F6AE00C-6E00-4A9C-A3F5-43842AD84E21}.AppStore|Any CPU.Build.0 = Release|Any CPU
		{3F6AE00C-6E00-4A9C-A3F5-43842AD84E21}.AppStore|ARM.ActiveCfg = Release|Any CPU
		{3F6AE00C-6E00-4A9C-A3F5-43842AD84E21}.AppStore|ARM.Build.0 = Release|Any CPU
		{3F6AE00C-6E00-4A9C-A3F5-43842AD84E21}.AppStore|iPhone.ActiveCfg = Release|Any CPU
		{3F6AE00C-6E00-4A9C-A3F5-43842AD84E21}.AppStore|iPhone.Build.0 = Release|Any CPU
		{3F6AE00C-6E00-4A9C-A3F5-43842AD84E21}.AppStore|iPhoneSimulator.ActiveCfg = Release|Any CPU
		{3F6AE00C-6E00-4A9C-A3F5-43842AD84E21}.AppStore|iPhoneSimulator.Build.0 = Release|Any CPU
		{3F6AE00C-6E00-4A9C-A3F5-43842AD84E21}.AppStore|x64.ActiveCfg = Release|Any CPU
		{3F6AE00C-6E00-4A9C-A3F5-43842AD84E21}.AppStore|x64.Build.0 = Release|Any CPU
		{3F6AE00C-6E00-4A9C-A3F5-43842AD84E21}.AppStore|x86.ActiveCfg = Release|Any CPU
		{3F6AE00C-6E00-4A9C-A3F5-43842AD84E21}.AppStore|x86.Build.0 = Release|Any CPU
		{3F6AE00C-6E00-4A9C-A3F5-43842AD84E21}.Debug|Any CPU.ActiveCfg = Debug|Any CPU
		{3F6AE00C-6E00-4A9C-A3F5-43842AD84E21}.Debug|Any CPU.Build.0 = Debug|Any CPU
		{3F6AE00C-6E00-4A9C-A3F5-43842AD84E21}.Debug|ARM.ActiveCfg = Debug|Any CPU
		{3F6AE00C-6E00-4A9C-A3F5-43842AD84E21}.Debug|ARM.Build.0 = Debug|Any CPU
		{3F6AE00C-6E00-4A9C-A3F5-43842AD84E21}.Debug|iPhone.ActiveCfg = Debug|Any CPU
		{3F6AE00C-6E00-4A9C-A3F5-43842AD84E21}.Debug|iPhone.Build.0 = Debug|Any CPU
		{3F6AE00C-6E00-4A9C-A3F5-43842AD84E21}.Debug|iPhoneSimulator.ActiveCfg = Debug|Any CPU
		{3F6AE00C-6E00-4A9C-A3F5-43842AD84E21}.Debug|iPhoneSimulator.Build.0 = Debug|Any CPU
		{3F6AE00C-6E00-4A9C-A3F5-43842AD84E21}.Debug|x64.ActiveCfg = Debug|Any CPU
		{3F6AE00C-6E00-4A9C-A3F5-43842AD84E21}.Debug|x64.Build.0 = Debug|Any CPU
		{3F6AE00C-6E00-4A9C-A3F5-43842AD84E21}.Debug|x86.ActiveCfg = Debug|Any CPU
		{3F6AE00C-6E00-4A9C-A3F5-43842AD84E21}.Debug|x86.Build.0 = Debug|Any CPU
		{3F6AE00C-6E00-4A9C-A3F5-43842AD84E21}.Development|Any CPU.ActiveCfg = Release|Any CPU
		{3F6AE00C-6E00-4A9C-A3F5-43842AD84E21}.Development|Any CPU.Build.0 = Release|Any CPU
		{3F6AE00C-6E00-4A9C-A3F5-43842AD84E21}.Development|ARM.ActiveCfg = Release|Any CPU
		{3F6AE00C-6E00-4A9C-A3F5-43842AD84E21}.Development|ARM.Build.0 = Release|Any CPU
		{3F6AE00C-6E00-4A9C-A3F5-43842AD84E21}.Development|iPhone.ActiveCfg = Debug|Any CPU
		{3F6AE00C-6E00-4A9C-A3F5-43842AD84E21}.Development|iPhone.Build.0 = Debug|Any CPU
		{3F6AE00C-6E00-4A9C-A3F5-43842AD84E21}.Development|iPhoneSimulator.ActiveCfg = Debug|Any CPU
		{3F6AE00C-6E00-4A9C-A3F5-43842AD84E21}.Development|iPhoneSimulator.Build.0 = Debug|Any CPU
		{3F6AE00C-6E00-4A9C-A3F5-43842AD84E21}.Development|x64.ActiveCfg = Release|Any CPU
		{3F6AE00C-6E00-4A9C-A3F5-43842AD84E21}.Development|x64.Build.0 = Release|Any CPU
		{3F6AE00C-6E00-4A9C-A3F5-43842AD84E21}.Development|x86.ActiveCfg = Release|Any CPU
		{3F6AE00C-6E00-4A9C-A3F5-43842AD84E21}.Development|x86.Build.0 = Release|Any CPU
		{3F6AE00C-6E00-4A9C-A3F5-43842AD84E21}.Release|Any CPU.ActiveCfg = Release|Any CPU
		{3F6AE00C-6E00-4A9C-A3F5-43842AD84E21}.Release|Any CPU.Build.0 = Release|Any CPU
		{3F6AE00C-6E00-4A9C-A3F5-43842AD84E21}.Release|ARM.ActiveCfg = Release|Any CPU
		{3F6AE00C-6E00-4A9C-A3F5-43842AD84E21}.Release|ARM.Build.0 = Release|Any CPU
		{3F6AE00C-6E00-4A9C-A3F5-43842AD84E21}.Release|iPhone.ActiveCfg = Release|Any CPU
		{3F6AE00C-6E00-4A9C-A3F5-43842AD84E21}.Release|iPhone.Build.0 = Release|Any CPU
		{3F6AE00C-6E00-4A9C-A3F5-43842AD84E21}.Release|iPhoneSimulator.ActiveCfg = Release|Any CPU
		{3F6AE00C-6E00-4A9C-A3F5-43842AD84E21}.Release|iPhoneSimulator.Build.0 = Release|Any CPU
		{3F6AE00C-6E00-4A9C-A3F5-43842AD84E21}.Release|x64.ActiveCfg = Release|Any CPU
		{3F6AE00C-6E00-4A9C-A3F5-43842AD84E21}.Release|x64.Build.0 = Release|Any CPU
		{3F6AE00C-6E00-4A9C-A3F5-43842AD84E21}.Release|x86.ActiveCfg = Release|Any CPU
		{3F6AE00C-6E00-4A9C-A3F5-43842AD84E21}.Release|x86.Build.0 = Release|Any CPU
		{3F6AE00C-6E00-4A9C-A3F5-43842AD84E21}.Staging|Any CPU.ActiveCfg = Release|Any CPU
		{3F6AE00C-6E00-4A9C-A3F5-43842AD84E21}.Staging|Any CPU.Build.0 = Release|Any CPU
		{3F6AE00C-6E00-4A9C-A3F5-43842AD84E21}.Staging|ARM.ActiveCfg = Release|Any CPU
		{3F6AE00C-6E00-4A9C-A3F5-43842AD84E21}.Staging|ARM.Build.0 = Release|Any CPU
		{3F6AE00C-6E00-4A9C-A3F5-43842AD84E21}.Staging|iPhone.ActiveCfg = Release|Any CPU
		{3F6AE00C-6E00-4A9C-A3F5-43842AD84E21}.Staging|iPhone.Build.0 = Release|Any CPU
		{3F6AE00C-6E00-4A9C-A3F5-43842AD84E21}.Staging|iPhoneSimulator.ActiveCfg = Release|Any CPU
		{3F6AE00C-6E00-4A9C-A3F5-43842AD84E21}.Staging|iPhoneSimulator.Build.0 = Release|Any CPU
		{3F6AE00C-6E00-4A9C-A3F5-43842AD84E21}.Staging|x64.ActiveCfg = Release|Any CPU
		{3F6AE00C-6E00-4A9C-A3F5-43842AD84E21}.Staging|x64.Build.0 = Release|Any CPU
		{3F6AE00C-6E00-4A9C-A3F5-43842AD84E21}.Staging|x86.ActiveCfg = Release|Any CPU
		{3F6AE00C-6E00-4A9C-A3F5-43842AD84E21}.Staging|x86.Build.0 = Release|Any CPU
	EndGlobalSection
	GlobalSection(SolutionProperties) = preSolution
		HideSolutionNode = FALSE
	EndGlobalSection
	GlobalSection(NestedProjects) = preSolution
		{690EF25A-B89A-4999-9314-2E16AC4CF6D9} = {46900068-2B07-441C-BC0F-0DA7AC14AEE6}
		{A0395902-57DF-4D25-AF61-57B29DCB6B84} = {690EF25A-B89A-4999-9314-2E16AC4CF6D9}
		{1BFA410B-1A87-4E83-B0B9-1A2B5F192663} = {690EF25A-B89A-4999-9314-2E16AC4CF6D9}
		{BD918597-1B79-4EBF-B4A2-3F2BE1F93BE2} = {690EF25A-B89A-4999-9314-2E16AC4CF6D9}
		{A319673A-224B-4EEE-8EA7-C8CE1CE01139} = {46900068-2B07-441C-BC0F-0DA7AC14AEE6}
		{3F6AE00C-6E00-4A9C-A3F5-43842AD84E21} = {A319673A-224B-4EEE-8EA7-C8CE1CE01139}
	EndGlobalSection
	GlobalSection(ExtensibilityGlobals) = postSolution
		SolutionGuid = {0F9F6A75-B448-4706-ACAD-455EFB94963A}
	EndGlobalSection
	GlobalSection(MonoDevelopProperties) = preSolution
		Policies = $0
		$0.VersionControlPolicy = $1
		$1.inheritsSet = Mono
		$0.DotNetNamingPolicy = $2
		$2.DirectoryNamespaceAssociation = None
		$2.ResourceNamePolicy = FileFormatDefault
	EndGlobalSection
EndGlobal
