
Microsoft Visual Studio Solution File, Format Version 12.00
# Visual Studio 15
VisualStudioVersion = 15.0.26430.6
MinimumVisualStudioVersion = 10.0.40219.1
Project("{FAE04EC0-301F-11D3-BF4B-00C04F79EFBC}") = "ColonyConcierge.Client", "..\..\ColonyConcierge.Client\ColonyConcierge.Client.csproj", "{53112BF6-0ACE-4A15-846C-13830FA2CD88}"
EndProject
Project("{FAE04EC0-301F-11D3-BF4B-00C04F79EFBC}") = "ColonyConcierge.APIData", "..\..\APIData\ColonyConcierge.APIData\ColonyConcierge.APIData.csproj", "{B5324CBA-5C2F-42AE-B464-CEB8861959C6}"
EndProject
Project("{FAE04EC0-301F-11D3-BF4B-00C04F79EFBC}") = "ColonyConcierge.Client.Windows", "..\..\ColonyConcierge.Client.Windows\ColonyConcierge.Client.Windows.csproj", "{CFFB9CD9-BAEE-4AD2-BACA-B5D921B2E3F8}"
EndProject
Project("{FAE04EC0-301F-11D3-BF4B-00C04F79EFBC}") = "ColonyConcierge.Client.Droid", "..\..\ColonyConcierge.Client.Droid\ColonyConcierge.Client.Droid.csproj", "{50B6435B-9FBC-4F59-B10E-693EB2067075}"
EndProject
Project("{D954291E-2A0B-460D-934E-DC6B0785DB48}") = "ColonyConcierge.Client.Shared", "..\..\ColonyConcierge.Client.Shared\ColonyConcierge.Client.Shared.shproj", "{D1480490-9542-4F95-841F-2B316D65131D}"
EndProject
Project("{FAE04EC0-301F-11D3-BF4B-00C04F79EFBC}") = "ColonyConcierge.Client.iOS", "..\..\ColonyConcierge.Client.iOS\ColonyConcierge.Client.iOS.csproj", "{09F2CB61-1C9C-42A0-A741-17B0434D188A}"
EndProject
Project("{FAE04EC0-301F-11D3-BF4B-00C04F79EFBC}") = "ColonyConcierge.Client.UWP", "..\..\ColonyConcierge.Client.UWP\ColonyConcierge.Client.UWP.csproj", "{B565F9E5-025A-4E86-BBD4-E69B9B27E348}"
EndProject
Global
	GlobalSection(SharedMSBuildProjectFiles) = preSolution
		..\..\ColonyConcierge.Client.Shared\ColonyConcierge.Client.Shared.projitems*{09f2cb61-1c9c-42a0-a741-17b0434d188a}*SharedItemsImports = 4
		..\..\ColonyConcierge.Client.Shared\ColonyConcierge.Client.Shared.projitems*{50b6435b-9fbc-4f59-b10e-693eb2067075}*SharedItemsImports = 4
		..\..\ColonyConcierge.Client.Shared\ColonyConcierge.Client.Shared.projitems*{b565f9e5-025a-4e86-bbd4-e69b9b27e348}*SharedItemsImports = 4
		..\..\ColonyConcierge.Client.Shared\ColonyConcierge.Client.Shared.projitems*{cffb9cd9-baee-4ad2-baca-b5d921b2e3f8}*SharedItemsImports = 4
		..\..\ColonyConcierge.Client.Shared\ColonyConcierge.Client.Shared.projitems*{d1480490-9542-4f95-841f-2b316d65131d}*SharedItemsImports = 13
	EndGlobalSection
	GlobalSection(SolutionConfigurationPlatforms) = preSolution
		Debug|Any CPU = Debug|Any CPU
		Debug|ARM = Debug|ARM
		Debug|x64 = Debug|x64
		Debug|x86 = Debug|x86
		Development|Any CPU = Development|Any CPU
		Development|ARM = Development|ARM
		Development|x64 = Development|x64
		Development|x86 = Development|x86
		Release|Any CPU = Release|Any CPU
		Release|ARM = Release|ARM
		Release|x64 = Release|x64
		Release|x86 = Release|x86
		Staging|Any CPU = Staging|Any CPU
		Staging|ARM = Staging|ARM
		Staging|x64 = Staging|x64
		Staging|x86 = Staging|x86
		Test|Any CPU = Test|Any CPU
		Test|ARM = Test|ARM
		Test|x64 = Test|x64
		Test|x86 = Test|x86
	EndGlobalSection
	GlobalSection(ProjectConfigurationPlatforms) = postSolution
		{53112BF6-0ACE-4A15-846C-13830FA2CD88}.Debug|Any CPU.ActiveCfg = Debug|Any CPU
		{53112BF6-0ACE-4A15-846C-13830FA2CD88}.Debug|Any CPU.Build.0 = Debug|Any CPU
		{53112BF6-0ACE-4A15-846C-13830FA2CD88}.Debug|ARM.ActiveCfg = Debug|Any CPU
		{53112BF6-0ACE-4A15-846C-13830FA2CD88}.Debug|ARM.Build.0 = Debug|Any CPU
		{53112BF6-0ACE-4A15-846C-13830FA2CD88}.Debug|x64.ActiveCfg = Debug|Any CPU
		{53112BF6-0ACE-4A15-846C-13830FA2CD88}.Debug|x64.Build.0 = Debug|Any CPU
		{53112BF6-0ACE-4A15-846C-13830FA2CD88}.Debug|x86.ActiveCfg = Debug|Any CPU
		{53112BF6-0ACE-4A15-846C-13830FA2CD88}.Debug|x86.Build.0 = Debug|Any CPU
		{53112BF6-0ACE-4A15-846C-13830FA2CD88}.Development|Any CPU.ActiveCfg = Development|Any CPU
		{53112BF6-0ACE-4A15-846C-13830FA2CD88}.Development|Any CPU.Build.0 = Development|Any CPU
		{53112BF6-0ACE-4A15-846C-13830FA2CD88}.Development|ARM.ActiveCfg = Development|Any CPU
		{53112BF6-0ACE-4A15-846C-13830FA2CD88}.Development|ARM.Build.0 = Development|Any CPU
		{53112BF6-0ACE-4A15-846C-13830FA2CD88}.Development|x64.ActiveCfg = Development|Any CPU
		{53112BF6-0ACE-4A15-846C-13830FA2CD88}.Development|x64.Build.0 = Development|Any CPU
		{53112BF6-0ACE-4A15-846C-13830FA2CD88}.Development|x86.ActiveCfg = Development|Any CPU
		{53112BF6-0ACE-4A15-846C-13830FA2CD88}.Development|x86.Build.0 = Development|Any CPU
		{53112BF6-0ACE-4A15-846C-13830FA2CD88}.Release|Any CPU.ActiveCfg = Release|Any CPU
		{53112BF6-0ACE-4A15-846C-13830FA2CD88}.Release|Any CPU.Build.0 = Release|Any CPU
		{53112BF6-0ACE-4A15-846C-13830FA2CD88}.Release|ARM.ActiveCfg = Release|Any CPU
		{53112BF6-0ACE-4A15-846C-13830FA2CD88}.Release|ARM.Build.0 = Release|Any CPU
		{53112BF6-0ACE-4A15-846C-13830FA2CD88}.Release|x64.ActiveCfg = Release|Any CPU
		{53112BF6-0ACE-4A15-846C-13830FA2CD88}.Release|x64.Build.0 = Release|Any CPU
		{53112BF6-0ACE-4A15-846C-13830FA2CD88}.Release|x86.ActiveCfg = Release|Any CPU
		{53112BF6-0ACE-4A15-846C-13830FA2CD88}.Release|x86.Build.0 = Release|Any CPU
		{53112BF6-0ACE-4A15-846C-13830FA2CD88}.Staging|Any CPU.ActiveCfg = Staging|Any CPU
		{53112BF6-0ACE-4A15-846C-13830FA2CD88}.Staging|Any CPU.Build.0 = Staging|Any CPU
		{53112BF6-0ACE-4A15-846C-13830FA2CD88}.Staging|ARM.ActiveCfg = Staging|Any CPU
		{53112BF6-0ACE-4A15-846C-13830FA2CD88}.Staging|ARM.Build.0 = Staging|Any CPU
		{53112BF6-0ACE-4A15-846C-13830FA2CD88}.Staging|x64.ActiveCfg = Staging|Any CPU
		{53112BF6-0ACE-4A15-846C-13830FA2CD88}.Staging|x64.Build.0 = Staging|Any CPU
		{53112BF6-0ACE-4A15-846C-13830FA2CD88}.Staging|x86.ActiveCfg = Staging|Any CPU
		{53112BF6-0ACE-4A15-846C-13830FA2CD88}.Staging|x86.Build.0 = Staging|Any CPU
		{53112BF6-0ACE-4A15-846C-13830FA2CD88}.Test|Any CPU.ActiveCfg = Test|Any CPU
		{53112BF6-0ACE-4A15-846C-13830FA2CD88}.Test|Any CPU.Build.0 = Test|Any CPU
		{53112BF6-0ACE-4A15-846C-13830FA2CD88}.Test|ARM.ActiveCfg = Test|Any CPU
		{53112BF6-0ACE-4A15-846C-13830FA2CD88}.Test|ARM.Build.0 = Test|Any CPU
		{53112BF6-0ACE-4A15-846C-13830FA2CD88}.Test|x64.ActiveCfg = Test|Any CPU
		{53112BF6-0ACE-4A15-846C-13830FA2CD88}.Test|x64.Build.0 = Test|Any CPU
		{53112BF6-0ACE-4A15-846C-13830FA2CD88}.Test|x86.ActiveCfg = Test|Any CPU
		{53112BF6-0ACE-4A15-846C-13830FA2CD88}.Test|x86.Build.0 = Test|Any CPU
		{B5324CBA-5C2F-42AE-B464-CEB8861959C6}.Debug|Any CPU.ActiveCfg = Debug|Any CPU
		{B5324CBA-5C2F-42AE-B464-CEB8861959C6}.Debug|Any CPU.Build.0 = Debug|Any CPU
		{B5324CBA-5C2F-42AE-B464-CEB8861959C6}.Debug|ARM.ActiveCfg = Debug|Any CPU
		{B5324CBA-5C2F-42AE-B464-CEB8861959C6}.Debug|ARM.Build.0 = Debug|Any CPU
		{B5324CBA-5C2F-42AE-B464-CEB8861959C6}.Debug|x64.ActiveCfg = Debug|Any CPU
		{B5324CBA-5C2F-42AE-B464-CEB8861959C6}.Debug|x64.Build.0 = Debug|Any CPU
		{B5324CBA-5C2F-42AE-B464-CEB8861959C6}.Debug|x86.ActiveCfg = Debug|Any CPU
		{B5324CBA-5C2F-42AE-B464-CEB8861959C6}.Debug|x86.Build.0 = Debug|Any CPU
		{B5324CBA-5C2F-42AE-B464-CEB8861959C6}.Development|Any CPU.ActiveCfg = Development|Any CPU
		{B5324CBA-5C2F-42AE-B464-CEB8861959C6}.Development|Any CPU.Build.0 = Development|Any CPU
		{B5324CBA-5C2F-42AE-B464-CEB8861959C6}.Development|ARM.ActiveCfg = Development|Any CPU
		{B5324CBA-5C2F-42AE-B464-CEB8861959C6}.Development|ARM.Build.0 = Development|Any CPU
		{B5324CBA-5C2F-42AE-B464-CEB8861959C6}.Development|x64.ActiveCfg = Development|Any CPU
		{B5324CBA-5C2F-42AE-B464-CEB8861959C6}.Development|x64.Build.0 = Development|Any CPU
		{B5324CBA-5C2F-42AE-B464-CEB8861959C6}.Development|x86.ActiveCfg = Development|Any CPU
		{B5324CBA-5C2F-42AE-B464-CEB8861959C6}.Development|x86.Build.0 = Development|Any CPU
		{B5324CBA-5C2F-42AE-B464-CEB8861959C6}.Release|Any CPU.ActiveCfg = Release|Any CPU
		{B5324CBA-5C2F-42AE-B464-CEB8861959C6}.Release|Any CPU.Build.0 = Release|Any CPU
		{B5324CBA-5C2F-42AE-B464-CEB8861959C6}.Release|ARM.ActiveCfg = Release|Any CPU
		{B5324CBA-5C2F-42AE-B464-CEB8861959C6}.Release|ARM.Build.0 = Release|Any CPU
		{B5324CBA-5C2F-42AE-B464-CEB8861959C6}.Release|x64.ActiveCfg = Release|Any CPU
		{B5324CBA-5C2F-42AE-B464-CEB8861959C6}.Release|x64.Build.0 = Release|Any CPU
		{B5324CBA-5C2F-42AE-B464-CEB8861959C6}.Release|x86.ActiveCfg = Release|Any CPU
		{B5324CBA-5C2F-42AE-B464-CEB8861959C6}.Release|x86.Build.0 = Release|Any CPU
		{B5324CBA-5C2F-42AE-B464-CEB8861959C6}.Staging|Any CPU.ActiveCfg = Staging|Any CPU
		{B5324CBA-5C2F-42AE-B464-CEB8861959C6}.Staging|Any CPU.Build.0 = Staging|Any CPU
		{B5324CBA-5C2F-42AE-B464-CEB8861959C6}.Staging|ARM.ActiveCfg = Staging|Any CPU
		{B5324CBA-5C2F-42AE-B464-CEB8861959C6}.Staging|ARM.Build.0 = Staging|Any CPU
		{B5324CBA-5C2F-42AE-B464-CEB8861959C6}.Staging|x64.ActiveCfg = Staging|Any CPU
		{B5324CBA-5C2F-42AE-B464-CEB8861959C6}.Staging|x64.Build.0 = Staging|Any CPU
		{B5324CBA-5C2F-42AE-B464-CEB8861959C6}.Staging|x86.ActiveCfg = Staging|Any CPU
		{B5324CBA-5C2F-42AE-B464-CEB8861959C6}.Staging|x86.Build.0 = Staging|Any CPU
		{B5324CBA-5C2F-42AE-B464-CEB8861959C6}.Test|Any CPU.ActiveCfg = Test|Any CPU
		{B5324CBA-5C2F-42AE-B464-CEB8861959C6}.Test|Any CPU.Build.0 = Test|Any CPU
		{B5324CBA-5C2F-42AE-B464-CEB8861959C6}.Test|ARM.ActiveCfg = Test|Any CPU
		{B5324CBA-5C2F-42AE-B464-CEB8861959C6}.Test|ARM.Build.0 = Test|Any CPU
		{B5324CBA-5C2F-42AE-B464-CEB8861959C6}.Test|x64.ActiveCfg = Test|Any CPU
		{B5324CBA-5C2F-42AE-B464-CEB8861959C6}.Test|x64.Build.0 = Test|Any CPU
		{B5324CBA-5C2F-42AE-B464-CEB8861959C6}.Test|x86.ActiveCfg = Test|Any CPU
		{B5324CBA-5C2F-42AE-B464-CEB8861959C6}.Test|x86.Build.0 = Test|Any CPU
		{CFFB9CD9-BAEE-4AD2-BACA-B5D921B2E3F8}.Debug|Any CPU.ActiveCfg = Debug|Any CPU
		{CFFB9CD9-BAEE-4AD2-BACA-B5D921B2E3F8}.Debug|Any CPU.Build.0 = Debug|Any CPU
		{CFFB9CD9-BAEE-4AD2-BACA-B5D921B2E3F8}.Debug|ARM.ActiveCfg = Debug|Any CPU
		{CFFB9CD9-BAEE-4AD2-BACA-B5D921B2E3F8}.Debug|ARM.Build.0 = Debug|Any CPU
		{CFFB9CD9-BAEE-4AD2-BACA-B5D921B2E3F8}.Debug|x64.ActiveCfg = Debug|Any CPU
		{CFFB9CD9-BAEE-4AD2-BACA-B5D921B2E3F8}.Debug|x64.Build.0 = Debug|Any CPU
		{CFFB9CD9-BAEE-4AD2-BACA-B5D921B2E3F8}.Debug|x86.ActiveCfg = Debug|Any CPU
		{CFFB9CD9-BAEE-4AD2-BACA-B5D921B2E3F8}.Debug|x86.Build.0 = Debug|Any CPU
		{CFFB9CD9-BAEE-4AD2-BACA-B5D921B2E3F8}.Development|Any CPU.ActiveCfg = Development|Any CPU
		{CFFB9CD9-BAEE-4AD2-BACA-B5D921B2E3F8}.Development|Any CPU.Build.0 = Development|Any CPU
		{CFFB9CD9-BAEE-4AD2-BACA-B5D921B2E3F8}.Development|ARM.ActiveCfg = Development|Any CPU
		{CFFB9CD9-BAEE-4AD2-BACA-B5D921B2E3F8}.Development|ARM.Build.0 = Development|Any CPU
		{CFFB9CD9-BAEE-4AD2-BACA-B5D921B2E3F8}.Development|x64.ActiveCfg = Development|Any CPU
		{CFFB9CD9-BAEE-4AD2-BACA-B5D921B2E3F8}.Development|x64.Build.0 = Development|Any CPU
		{CFFB9CD9-BAEE-4AD2-BACA-B5D921B2E3F8}.Development|x86.ActiveCfg = Development|Any CPU
		{CFFB9CD9-BAEE-4AD2-BACA-B5D921B2E3F8}.Development|x86.Build.0 = Development|Any CPU
		{CFFB9CD9-BAEE-4AD2-BACA-B5D921B2E3F8}.Release|Any CPU.ActiveCfg = Release|Any CPU
		{CFFB9CD9-BAEE-4AD2-BACA-B5D921B2E3F8}.Release|Any CPU.Build.0 = Release|Any CPU
		{CFFB9CD9-BAEE-4AD2-BACA-B5D921B2E3F8}.Release|ARM.ActiveCfg = Release|Any CPU
		{CFFB9CD9-BAEE-4AD2-BACA-B5D921B2E3F8}.Release|ARM.Build.0 = Release|Any CPU
		{CFFB9CD9-BAEE-4AD2-BACA-B5D921B2E3F8}.Release|x64.ActiveCfg = Release|Any CPU
		{CFFB9CD9-BAEE-4AD2-BACA-B5D921B2E3F8}.Release|x64.Build.0 = Release|Any CPU
		{CFFB9CD9-BAEE-4AD2-BACA-B5D921B2E3F8}.Release|x86.ActiveCfg = Release|Any CPU
		{CFFB9CD9-BAEE-4AD2-BACA-B5D921B2E3F8}.Release|x86.Build.0 = Release|Any CPU
		{CFFB9CD9-BAEE-4AD2-BACA-B5D921B2E3F8}.Staging|Any CPU.ActiveCfg = Staging|Any CPU
		{CFFB9CD9-BAEE-4AD2-BACA-B5D921B2E3F8}.Staging|Any CPU.Build.0 = Staging|Any CPU
		{CFFB9CD9-BAEE-4AD2-BACA-B5D921B2E3F8}.Staging|ARM.ActiveCfg = Staging|Any CPU
		{CFFB9CD9-BAEE-4AD2-BACA-B5D921B2E3F8}.Staging|ARM.Build.0 = Staging|Any CPU
		{CFFB9CD9-BAEE-4AD2-BACA-B5D921B2E3F8}.Staging|x64.ActiveCfg = Staging|Any CPU
		{CFFB9CD9-BAEE-4AD2-BACA-B5D921B2E3F8}.Staging|x64.Build.0 = Staging|Any CPU
		{CFFB9CD9-BAEE-4AD2-BACA-B5D921B2E3F8}.Staging|x86.ActiveCfg = Staging|Any CPU
		{CFFB9CD9-BAEE-4AD2-BACA-B5D921B2E3F8}.Staging|x86.Build.0 = Staging|Any CPU
		{CFFB9CD9-BAEE-4AD2-BACA-B5D921B2E3F8}.Test|Any CPU.ActiveCfg = Test|Any CPU
		{CFFB9CD9-BAEE-4AD2-BACA-B5D921B2E3F8}.Test|Any CPU.Build.0 = Test|Any CPU
		{CFFB9CD9-BAEE-4AD2-BACA-B5D921B2E3F8}.Test|ARM.ActiveCfg = Test|Any CPU
		{CFFB9CD9-BAEE-4AD2-BACA-B5D921B2E3F8}.Test|ARM.Build.0 = Test|Any CPU
		{CFFB9CD9-BAEE-4AD2-BACA-B5D921B2E3F8}.Test|x64.ActiveCfg = Test|Any CPU
		{CFFB9CD9-BAEE-4AD2-BACA-B5D921B2E3F8}.Test|x64.Build.0 = Test|Any CPU
		{CFFB9CD9-BAEE-4AD2-BACA-B5D921B2E3F8}.Test|x86.ActiveCfg = Test|Any CPU
		{CFFB9CD9-BAEE-4AD2-BACA-B5D921B2E3F8}.Test|x86.Build.0 = Test|Any CPU
		{50B6435B-9FBC-4F59-B10E-693EB2067075}.Debug|Any CPU.ActiveCfg = Debug|Any CPU
		{50B6435B-9FBC-4F59-B10E-693EB2067075}.Debug|Any CPU.Build.0 = Debug|Any CPU
		{50B6435B-9FBC-4F59-B10E-693EB2067075}.Debug|ARM.ActiveCfg = Debug|Any CPU
		{50B6435B-9FBC-4F59-B10E-693EB2067075}.Debug|ARM.Build.0 = Debug|Any CPU
		{50B6435B-9FBC-4F59-B10E-693EB2067075}.Debug|x64.ActiveCfg = Debug|Any CPU
		{50B6435B-9FBC-4F59-B10E-693EB2067075}.Debug|x64.Build.0 = Debug|Any CPU
		{50B6435B-9FBC-4F59-B10E-693EB2067075}.Debug|x86.ActiveCfg = Debug|Any CPU
		{50B6435B-9FBC-4F59-B10E-693EB2067075}.Debug|x86.Build.0 = Debug|Any CPU
		{50B6435B-9FBC-4F59-B10E-693EB2067075}.Development|Any CPU.ActiveCfg = Development|Any CPU
		{50B6435B-9FBC-4F59-B10E-693EB2067075}.Development|Any CPU.Build.0 = Development|Any CPU
		{50B6435B-9FBC-4F59-B10E-693EB2067075}.Development|ARM.ActiveCfg = Development|Any CPU
		{50B6435B-9FBC-4F59-B10E-693EB2067075}.Development|ARM.Build.0 = Development|Any CPU
		{50B6435B-9FBC-4F59-B10E-693EB2067075}.Development|x64.ActiveCfg = Development|Any CPU
		{50B6435B-9FBC-4F59-B10E-693EB2067075}.Development|x64.Build.0 = Development|Any CPU
		{50B6435B-9FBC-4F59-B10E-693EB2067075}.Development|x86.ActiveCfg = Development|Any CPU
		{50B6435B-9FBC-4F59-B10E-693EB2067075}.Development|x86.Build.0 = Development|Any CPU
		{50B6435B-9FBC-4F59-B10E-693EB2067075}.Release|Any CPU.ActiveCfg = Release|Any CPU
		{50B6435B-9FBC-4F59-B10E-693EB2067075}.Release|Any CPU.Build.0 = Release|Any CPU
		{50B6435B-9FBC-4F59-B10E-693EB2067075}.Release|ARM.ActiveCfg = Release|Any CPU
		{50B6435B-9FBC-4F59-B10E-693EB2067075}.Release|ARM.Build.0 = Release|Any CPU
		{50B6435B-9FBC-4F59-B10E-693EB2067075}.Release|x64.ActiveCfg = Release|Any CPU
		{50B6435B-9FBC-4F59-B10E-693EB2067075}.Release|x64.Build.0 = Release|Any CPU
		{50B6435B-9FBC-4F59-B10E-693EB2067075}.Release|x86.ActiveCfg = Release|Any CPU
		{50B6435B-9FBC-4F59-B10E-693EB2067075}.Release|x86.Build.0 = Release|Any CPU
		{50B6435B-9FBC-4F59-B10E-693EB2067075}.Staging|Any CPU.ActiveCfg = Staging|Any CPU
		{50B6435B-9FBC-4F59-B10E-693EB2067075}.Staging|Any CPU.Build.0 = Staging|Any CPU
		{50B6435B-9FBC-4F59-B10E-693EB2067075}.Staging|ARM.ActiveCfg = Staging|Any CPU
		{50B6435B-9FBC-4F59-B10E-693EB2067075}.Staging|ARM.Build.0 = Staging|Any CPU
		{50B6435B-9FBC-4F59-B10E-693EB2067075}.Staging|x64.ActiveCfg = Staging|Any CPU
		{50B6435B-9FBC-4F59-B10E-693EB2067075}.Staging|x64.Build.0 = Staging|Any CPU
		{50B6435B-9FBC-4F59-B10E-693EB2067075}.Staging|x86.ActiveCfg = Staging|Any CPU
		{50B6435B-9FBC-4F59-B10E-693EB2067075}.Staging|x86.Build.0 = Staging|Any CPU
		{50B6435B-9FBC-4F59-B10E-693EB2067075}.Test|Any CPU.ActiveCfg = Test|Any CPU
		{50B6435B-9FBC-4F59-B10E-693EB2067075}.Test|Any CPU.Build.0 = Test|Any CPU
		{50B6435B-9FBC-4F59-B10E-693EB2067075}.Test|ARM.ActiveCfg = Test|Any CPU
		{50B6435B-9FBC-4F59-B10E-693EB2067075}.Test|ARM.Build.0 = Test|Any CPU
		{50B6435B-9FBC-4F59-B10E-693EB2067075}.Test|x64.ActiveCfg = Test|Any CPU
		{50B6435B-9FBC-4F59-B10E-693EB2067075}.Test|x64.Build.0 = Test|Any CPU
		{50B6435B-9FBC-4F59-B10E-693EB2067075}.Test|x86.ActiveCfg = Test|Any CPU
		{50B6435B-9FBC-4F59-B10E-693EB2067075}.Test|x86.Build.0 = Test|Any CPU
		{09F2CB61-1C9C-42A0-A741-17B0434D188A}.Debug|Any CPU.ActiveCfg = Debug|Any CPU
		{09F2CB61-1C9C-42A0-A741-17B0434D188A}.Debug|Any CPU.Build.0 = Debug|Any CPU
		{09F2CB61-1C9C-42A0-A741-17B0434D188A}.Debug|ARM.ActiveCfg = Debug|Any CPU
		{09F2CB61-1C9C-42A0-A741-17B0434D188A}.Debug|ARM.Build.0 = Debug|Any CPU
		{09F2CB61-1C9C-42A0-A741-17B0434D188A}.Debug|x64.ActiveCfg = Debug|Any CPU
		{09F2CB61-1C9C-42A0-A741-17B0434D188A}.Debug|x64.Build.0 = Debug|Any CPU
		{09F2CB61-1C9C-42A0-A741-17B0434D188A}.Debug|x86.ActiveCfg = Debug|Any CPU
		{09F2CB61-1C9C-42A0-A741-17B0434D188A}.Debug|x86.Build.0 = Debug|Any CPU
		{09F2CB61-1C9C-42A0-A741-17B0434D188A}.Development|Any CPU.ActiveCfg = Development|Any CPU
		{09F2CB61-1C9C-42A0-A741-17B0434D188A}.Development|Any CPU.Build.0 = Development|Any CPU
		{09F2CB61-1C9C-42A0-A741-17B0434D188A}.Development|ARM.ActiveCfg = Development|Any CPU
		{09F2CB61-1C9C-42A0-A741-17B0434D188A}.Development|ARM.Build.0 = Development|Any CPU
		{09F2CB61-1C9C-42A0-A741-17B0434D188A}.Development|x64.ActiveCfg = Development|Any CPU
		{09F2CB61-1C9C-42A0-A741-17B0434D188A}.Development|x64.Build.0 = Development|Any CPU
		{09F2CB61-1C9C-42A0-A741-17B0434D188A}.Development|x86.ActiveCfg = Development|Any CPU
		{09F2CB61-1C9C-42A0-A741-17B0434D188A}.Development|x86.Build.0 = Development|Any CPU
		{09F2CB61-1C9C-42A0-A741-17B0434D188A}.Release|Any CPU.ActiveCfg = Release|Any CPU
		{09F2CB61-1C9C-42A0-A741-17B0434D188A}.Release|Any CPU.Build.0 = Release|Any CPU
		{09F2CB61-1C9C-42A0-A741-17B0434D188A}.Release|ARM.ActiveCfg = Release|Any CPU
		{09F2CB61-1C9C-42A0-A741-17B0434D188A}.Release|ARM.Build.0 = Release|Any CPU
		{09F2CB61-1C9C-42A0-A741-17B0434D188A}.Release|x64.ActiveCfg = Release|Any CPU
		{09F2CB61-1C9C-42A0-A741-17B0434D188A}.Release|x64.Build.0 = Release|Any CPU
		{09F2CB61-1C9C-42A0-A741-17B0434D188A}.Release|x86.ActiveCfg = Release|Any CPU
		{09F2CB61-1C9C-42A0-A741-17B0434D188A}.Release|x86.Build.0 = Release|Any CPU
		{09F2CB61-1C9C-42A0-A741-17B0434D188A}.Staging|Any CPU.ActiveCfg = Staging|Any CPU
		{09F2CB61-1C9C-42A0-A741-17B0434D188A}.Staging|Any CPU.Build.0 = Staging|Any CPU
		{09F2CB61-1C9C-42A0-A741-17B0434D188A}.Staging|ARM.ActiveCfg = Staging|Any CPU
		{09F2CB61-1C9C-42A0-A741-17B0434D188A}.Staging|ARM.Build.0 = Staging|Any CPU
		{09F2CB61-1C9C-42A0-A741-17B0434D188A}.Staging|x64.ActiveCfg = Staging|Any CPU
		{09F2CB61-1C9C-42A0-A741-17B0434D188A}.Staging|x64.Build.0 = Staging|Any CPU
		{09F2CB61-1C9C-42A0-A741-17B0434D188A}.Staging|x86.ActiveCfg = Staging|Any CPU
		{09F2CB61-1C9C-42A0-A741-17B0434D188A}.Staging|x86.Build.0 = Staging|Any CPU
		{09F2CB61-1C9C-42A0-A741-17B0434D188A}.Test|Any CPU.ActiveCfg = Test|Any CPU
		{09F2CB61-1C9C-42A0-A741-17B0434D188A}.Test|Any CPU.Build.0 = Test|Any CPU
		{09F2CB61-1C9C-42A0-A741-17B0434D188A}.Test|ARM.ActiveCfg = Test|Any CPU
		{09F2CB61-1C9C-42A0-A741-17B0434D188A}.Test|ARM.Build.0 = Test|Any CPU
		{09F2CB61-1C9C-42A0-A741-17B0434D188A}.Test|x64.ActiveCfg = Test|Any CPU
		{09F2CB61-1C9C-42A0-A741-17B0434D188A}.Test|x64.Build.0 = Test|Any CPU
		{09F2CB61-1C9C-42A0-A741-17B0434D188A}.Test|x86.ActiveCfg = Test|Any CPU
		{09F2CB61-1C9C-42A0-A741-17B0434D188A}.Test|x86.Build.0 = Test|Any CPU
		{B565F9E5-025A-4E86-BBD4-E69B9B27E348}.Debug|Any CPU.ActiveCfg = Debug|Any CPU
		{B565F9E5-025A-4E86-BBD4-E69B9B27E348}.Debug|ARM.ActiveCfg = Debug|ARM
		{B565F9E5-025A-4E86-BBD4-E69B9B27E348}.Debug|ARM.Build.0 = Debug|ARM
		{B565F9E5-025A-4E86-BBD4-E69B9B27E348}.Debug|x64.ActiveCfg = Debug|x64
		{B565F9E5-025A-4E86-BBD4-E69B9B27E348}.Debug|x64.Build.0 = Debug|x64
		{B565F9E5-025A-4E86-BBD4-E69B9B27E348}.Debug|x86.ActiveCfg = Debug|x86
		{B565F9E5-025A-4E86-BBD4-E69B9B27E348}.Debug|x86.Build.0 = Debug|x86
		{B565F9E5-025A-4E86-BBD4-E69B9B27E348}.Development|Any CPU.ActiveCfg = Debug|Any CPU
		{B565F9E5-025A-4E86-BBD4-E69B9B27E348}.Development|Any CPU.Build.0 = Debug|Any CPU
		{B565F9E5-025A-4E86-BBD4-E69B9B27E348}.Development|ARM.ActiveCfg = Debug|ARM
		{B565F9E5-025A-4E86-BBD4-E69B9B27E348}.Development|ARM.Build.0 = Debug|ARM
		{B565F9E5-025A-4E86-BBD4-E69B9B27E348}.Development|x64.ActiveCfg = Debug|x64
		{B565F9E5-025A-4E86-BBD4-E69B9B27E348}.Development|x64.Build.0 = Debug|x64
		{B565F9E5-025A-4E86-BBD4-E69B9B27E348}.Development|x86.ActiveCfg = Debug|x86
		{B565F9E5-025A-4E86-BBD4-E69B9B27E348}.Development|x86.Build.0 = Debug|x86
		{B565F9E5-025A-4E86-BBD4-E69B9B27E348}.Release|Any CPU.ActiveCfg = Release|Any CPU
		{B565F9E5-025A-4E86-BBD4-E69B9B27E348}.Release|Any CPU.Build.0 = Release|Any CPU
		{B565F9E5-025A-4E86-BBD4-E69B9B27E348}.Release|ARM.ActiveCfg = Release|ARM
		{B565F9E5-025A-4E86-BBD4-E69B9B27E348}.Release|ARM.Build.0 = Release|ARM
		{B565F9E5-025A-4E86-BBD4-E69B9B27E348}.Release|x64.ActiveCfg = Release|x64
		{B565F9E5-025A-4E86-BBD4-E69B9B27E348}.Release|x64.Build.0 = Release|x64
		{B565F9E5-025A-4E86-BBD4-E69B9B27E348}.Release|x86.ActiveCfg = Release|x86
		{B565F9E5-025A-4E86-BBD4-E69B9B27E348}.Release|x86.Build.0 = Release|x86
		{B565F9E5-025A-4E86-BBD4-E69B9B27E348}.Staging|Any CPU.ActiveCfg = Release|Any CPU
		{B565F9E5-025A-4E86-BBD4-E69B9B27E348}.Staging|Any CPU.Build.0 = Release|Any CPU
		{B565F9E5-025A-4E86-BBD4-E69B9B27E348}.Staging|ARM.ActiveCfg = Release|ARM
		{B565F9E5-025A-4E86-BBD4-E69B9B27E348}.Staging|ARM.Build.0 = Release|ARM
		{B565F9E5-025A-4E86-BBD4-E69B9B27E348}.Staging|x64.ActiveCfg = Release|x64
		{B565F9E5-025A-4E86-BBD4-E69B9B27E348}.Staging|x64.Build.0 = Release|x64
		{B565F9E5-025A-4E86-BBD4-E69B9B27E348}.Staging|x86.ActiveCfg = Release|x86
		{B565F9E5-025A-4E86-BBD4-E69B9B27E348}.Staging|x86.Build.0 = Release|x86
		{B565F9E5-025A-4E86-BBD4-E69B9B27E348}.Test|Any CPU.ActiveCfg = Release|Any CPU
		{B565F9E5-025A-4E86-BBD4-E69B9B27E348}.Test|Any CPU.Build.0 = Release|Any CPU
		{B565F9E5-025A-4E86-BBD4-E69B9B27E348}.Test|ARM.ActiveCfg = Release|ARM
		{B565F9E5-025A-4E86-BBD4-E69B9B27E348}.Test|ARM.Build.0 = Release|ARM
		{B565F9E5-025A-4E86-BBD4-E69B9B27E348}.Test|x64.ActiveCfg = Release|x64
		{B565F9E5-025A-4E86-BBD4-E69B9B27E348}.Test|x64.Build.0 = Release|x64
		{B565F9E5-025A-4E86-BBD4-E69B9B27E348}.Test|x86.ActiveCfg = Release|x86
		{B565F9E5-025A-4E86-BBD4-E69B9B27E348}.Test|x86.Build.0 = Release|x86
	EndGlobalSection
	GlobalSection(SolutionProperties) = preSolution
		HideSolutionNode = FALSE
	EndGlobalSection
EndGlobal
